{
  "version": 4,
  "terraform_version": "1.6.6",
  "serial": 78,
  "lineage": "86304e50-3a24-fe27-7087-cb2a516d4ae0",
  "outputs": {},
  "resources": [
    {
      "mode": "managed",
      "type": "aws_instance",
      "name": "rising_ec2-pri1",
      "provider": "provider[\"registry.terraform.io/hashicorp/aws\"]",
      "instances": [
        {
          "schema_version": 1,
          "attributes": {
            "ami": "ami-0ee4f2271a4df2d7d",
            "arn": "arn:aws:ec2:us-east-2:194729441513:instance/i-04aa5b5db32a7413a",
            "associate_public_ip_address": false,
            "availability_zone": "us-east-2c",
            "capacity_reservation_specification": [
              {
                "capacity_reservation_preference": "open",
                "capacity_reservation_target": []
              }
            ],
            "cpu_core_count": 1,
            "cpu_threads_per_core": 1,
            "credit_specification": [
              {
                "cpu_credits": "standard"
              }
            ],
            "disable_api_termination": false,
            "ebs_block_device": [],
            "ebs_optimized": false,
            "enclave_options": [
              {
                "enabled": false
              }
            ],
            "ephemeral_block_device": [],
            "get_password_data": false,
            "hibernation": false,
            "host_id": null,
            "iam_instance_profile": "",
            "id": "i-04aa5b5db32a7413a",
            "instance_initiated_shutdown_behavior": "stop",
            "instance_state": "running",
            "instance_type": "t2.micro",
            "ipv6_address_count": 0,
            "ipv6_addresses": [],
            "key_name": "rising_key",
            "launch_template": [],
            "metadata_options": [
              {
                "http_endpoint": "enabled",
                "http_put_response_hop_limit": 2,
                "http_tokens": "required",
                "instance_metadata_tags": "disabled"
              }
            ],
            "monitoring": false,
            "network_interface": [],
            "outpost_arn": "",
            "password_data": "",
            "placement_group": "",
            "placement_partition_number": null,
            "primary_network_interface_id": "eni-0cc85cb146218b4f3",
            "private_dns": "ip-10-5-1-88.us-east-2.compute.internal",
            "private_ip": "10.5.1.88",
            "public_dns": "",
            "public_ip": "",
            "root_block_device": [
              {
                "delete_on_termination": true,
                "device_name": "/dev/xvda",
                "encrypted": false,
                "iops": 3000,
                "kms_key_id": "",
                "tags": null,
                "throughput": 125,
                "volume_id": "vol-0821f57d51c74aec4",
                "volume_size": 8,
                "volume_type": "gp3"
              }
            ],
            "secondary_private_ips": [],
            "security_groups": [
              "sg-0cce27c9ffa4a2e3b"
            ],
            "source_dest_check": true,
            "subnet_id": "subnet-0ab589be447dfe9a2",
            "tags": {
              "Name": "rising_ec2-pri1"
            },
            "tags_all": {
              "Name": "rising_ec2-pri1"
            },
            "tenancy": "default",
            "timeouts": null,
            "user_data": null,
            "user_data_base64": null,
            "volume_tags": null,
            "vpc_security_group_ids": [
              "sg-0cce27c9ffa4a2e3b"
            ]
          },
          "sensitive_attributes": [],
          "private": "eyJlMmJmYjczMC1lY2FhLTExZTYtOGY4OC0zNDM2M2JjN2M0YzAiOnsiY3JlYXRlIjo2MDAwMDAwMDAwMDAsImRlbGV0ZSI6MTIwMDAwMDAwMDAwMCwidXBkYXRlIjo2MDAwMDAwMDAwMDB9LCJzY2hlbWFfdmVyc2lvbiI6IjEifQ==",
          "dependencies": [
            "aws_key_pair.rising_make_keypair",
            "aws_security_group.rising-pri-SG",
            "aws_subnet.rising-pri-sub1",
            "aws_vpc.rising-vpc",
            "tls_private_key.rising_make_key"
          ]
        }
      ]
    },
    {
      "mode": "managed",
      "type": "aws_instance",
      "name": "rising_ec2-pri2",
      "provider": "provider[\"registry.terraform.io/hashicorp/aws\"]",
      "instances": [
        {
          "schema_version": 1,
          "attributes": {
            "ami": "ami-0ee4f2271a4df2d7d",
            "arn": "arn:aws:ec2:us-east-2:194729441513:instance/i-01f2dc9979c0d624d",
            "associate_public_ip_address": false,
            "availability_zone": "us-east-2a",
            "capacity_reservation_specification": [
              {
                "capacity_reservation_preference": "open",
                "capacity_reservation_target": []
              }
            ],
            "cpu_core_count": 1,
            "cpu_threads_per_core": 1,
            "credit_specification": [
              {
                "cpu_credits": "standard"
              }
            ],
            "disable_api_termination": false,
            "ebs_block_device": [],
            "ebs_optimized": false,
            "enclave_options": [
              {
                "enabled": false
              }
            ],
            "ephemeral_block_device": [],
            "get_password_data": false,
            "hibernation": false,
            "host_id": null,
            "iam_instance_profile": "",
            "id": "i-01f2dc9979c0d624d",
            "instance_initiated_shutdown_behavior": "stop",
            "instance_state": "running",
            "instance_type": "t2.micro",
            "ipv6_address_count": 0,
            "ipv6_addresses": [],
            "key_name": "rising_key",
            "launch_template": [],
            "metadata_options": [
              {
                "http_endpoint": "enabled",
                "http_put_response_hop_limit": 2,
                "http_tokens": "required",
                "instance_metadata_tags": "disabled"
              }
            ],
            "monitoring": false,
            "network_interface": [],
            "outpost_arn": "",
            "password_data": "",
            "placement_group": "",
            "placement_partition_number": null,
            "primary_network_interface_id": "eni-0d8676b5ae99375e1",
            "private_dns": "ip-10-5-2-34.us-east-2.compute.internal",
            "private_ip": "10.5.2.34",
            "public_dns": "",
            "public_ip": "",
            "root_block_device": [
              {
                "delete_on_termination": true,
                "device_name": "/dev/xvda",
                "encrypted": false,
                "iops": 3000,
                "kms_key_id": "",
                "tags": null,
                "throughput": 125,
                "volume_id": "vol-0b0e5aee2925f366e",
                "volume_size": 8,
                "volume_type": "gp3"
              }
            ],
            "secondary_private_ips": [],
            "security_groups": [
              "sg-0cce27c9ffa4a2e3b"
            ],
            "source_dest_check": true,
            "subnet_id": "subnet-062a2ab9b80cdd0f3",
            "tags": {
              "Name": "rising_ec2-pri2"
            },
            "tags_all": {
              "Name": "rising_ec2-pri2"
            },
            "tenancy": "default",
            "timeouts": null,
            "user_data": null,
            "user_data_base64": null,
            "volume_tags": null,
            "vpc_security_group_ids": [
              "sg-0cce27c9ffa4a2e3b"
            ]
          },
          "sensitive_attributes": [],
          "private": "eyJlMmJmYjczMC1lY2FhLTExZTYtOGY4OC0zNDM2M2JjN2M0YzAiOnsiY3JlYXRlIjo2MDAwMDAwMDAwMDAsImRlbGV0ZSI6MTIwMDAwMDAwMDAwMCwidXBkYXRlIjo2MDAwMDAwMDAwMDB9LCJzY2hlbWFfdmVyc2lvbiI6IjEifQ==",
          "dependencies": [
            "aws_key_pair.rising_make_keypair",
            "aws_security_group.rising-pri-SG",
            "aws_subnet.rising-pri-sub2",
            "aws_vpc.rising-vpc",
            "tls_private_key.rising_make_key"
          ]
        }
      ]
    },
    {
      "mode": "managed",
      "type": "aws_instance",
      "name": "rising_ec2-pub1",
      "provider": "provider[\"registry.terraform.io/hashicorp/aws\"]",
      "instances": [
        {
          "schema_version": 1,
          "attributes": {
            "ami": "ami-0ee4f2271a4df2d7d",
            "arn": "arn:aws:ec2:us-east-2:194729441513:instance/i-0b5d54e6e23b0cee1",
            "associate_public_ip_address": true,
            "availability_zone": "us-east-2c",
            "capacity_reservation_specification": [
              {
                "capacity_reservation_preference": "open",
                "capacity_reservation_target": []
              }
            ],
            "cpu_core_count": 1,
            "cpu_threads_per_core": 1,
            "credit_specification": [
              {
                "cpu_credits": "standard"
              }
            ],
            "disable_api_termination": false,
            "ebs_block_device": [],
            "ebs_optimized": false,
            "enclave_options": [
              {
                "enabled": false
              }
            ],
            "ephemeral_block_device": [],
            "get_password_data": false,
            "hibernation": false,
            "host_id": null,
            "iam_instance_profile": "",
            "id": "i-0b5d54e6e23b0cee1",
            "instance_initiated_shutdown_behavior": "stop",
            "instance_state": "running",
            "instance_type": "t2.micro",
            "ipv6_address_count": 0,
            "ipv6_addresses": [],
            "key_name": "rising_key",
            "launch_template": [],
            "metadata_options": [
              {
                "http_endpoint": "enabled",
                "http_put_response_hop_limit": 2,
                "http_tokens": "required",
                "instance_metadata_tags": "disabled"
              }
            ],
            "monitoring": false,
            "network_interface": [],
            "outpost_arn": "",
            "password_data": "",
            "placement_group": "",
            "placement_partition_number": null,
            "primary_network_interface_id": "eni-024dee35b9567d298",
            "private_dns": "ip-10-5-11-211.us-east-2.compute.internal",
            "private_ip": "10.5.11.211",
            "public_dns": "ec2-18-191-79-217.us-east-2.compute.amazonaws.com",
            "public_ip": "18.191.79.217",
            "root_block_device": [
              {
                "delete_on_termination": true,
                "device_name": "/dev/xvda",
                "encrypted": false,
                "iops": 3000,
                "kms_key_id": "",
                "tags": null,
                "throughput": 125,
                "volume_id": "vol-0f959ede01e1ec175",
                "volume_size": 8,
                "volume_type": "gp3"
              }
            ],
            "secondary_private_ips": [],
            "security_groups": [
              "sg-0102724e123c7b3b9"
            ],
            "source_dest_check": true,
            "subnet_id": "subnet-0054082666736a2df",
            "tags": {
              "Name": "rising_ec2-pub1"
            },
            "tags_all": {
              "Name": "rising_ec2-pub1"
            },
            "tenancy": "default",
            "timeouts": null,
            "user_data": "6d677cf81f5b7782fb10eeec87844a53c9b3a52c",
            "user_data_base64": null,
            "volume_tags": null,
            "vpc_security_group_ids": [
              "sg-0102724e123c7b3b9"
            ]
          },
          "sensitive_attributes": [],
          "private": "eyJlMmJmYjczMC1lY2FhLTExZTYtOGY4OC0zNDM2M2JjN2M0YzAiOnsiY3JlYXRlIjo2MDAwMDAwMDAwMDAsImRlbGV0ZSI6MTIwMDAwMDAwMDAwMCwidXBkYXRlIjo2MDAwMDAwMDAwMDB9LCJzY2hlbWFfdmVyc2lvbiI6IjEifQ==",
          "dependencies": [
            "aws_key_pair.rising_make_keypair",
            "aws_security_group.rising-pub-SG",
            "aws_subnet.rising-pub-sub1",
            "aws_vpc.rising-vpc",
            "tls_private_key.rising_make_key"
          ]
        }
      ]
    },
    {
      "mode": "managed",
      "type": "aws_instance",
      "name": "rising_ec2-pub2",
      "provider": "provider[\"registry.terraform.io/hashicorp/aws\"]",
      "instances": [
        {
          "schema_version": 1,
          "attributes": {
            "ami": "ami-0ee4f2271a4df2d7d",
            "arn": "arn:aws:ec2:us-east-2:194729441513:instance/i-0d8ff7aa7450496dc",
            "associate_public_ip_address": true,
            "availability_zone": "us-east-2a",
            "capacity_reservation_specification": [
              {
                "capacity_reservation_preference": "open",
                "capacity_reservation_target": []
              }
            ],
            "cpu_core_count": 1,
            "cpu_threads_per_core": 1,
            "credit_specification": [
              {
                "cpu_credits": "standard"
              }
            ],
            "disable_api_termination": false,
            "ebs_block_device": [],
            "ebs_optimized": false,
            "enclave_options": [
              {
                "enabled": false
              }
            ],
            "ephemeral_block_device": [],
            "get_password_data": false,
            "hibernation": false,
            "host_id": null,
            "iam_instance_profile": "",
            "id": "i-0d8ff7aa7450496dc",
            "instance_initiated_shutdown_behavior": "stop",
            "instance_state": "running",
            "instance_type": "t2.micro",
            "ipv6_address_count": 0,
            "ipv6_addresses": [],
            "key_name": "rising_key",
            "launch_template": [],
            "metadata_options": [
              {
                "http_endpoint": "enabled",
                "http_put_response_hop_limit": 2,
                "http_tokens": "required",
                "instance_metadata_tags": "disabled"
              }
            ],
            "monitoring": false,
            "network_interface": [],
            "outpost_arn": "",
            "password_data": "",
            "placement_group": "",
            "placement_partition_number": null,
            "primary_network_interface_id": "eni-0b9bd774714f99068",
            "private_dns": "ip-10-5-12-53.us-east-2.compute.internal",
            "private_ip": "10.5.12.53",
            "public_dns": "ec2-18-119-123-106.us-east-2.compute.amazonaws.com",
            "public_ip": "18.119.123.106",
            "root_block_device": [
              {
                "delete_on_termination": true,
                "device_name": "/dev/xvda",
                "encrypted": false,
                "iops": 3000,
                "kms_key_id": "",
                "tags": null,
                "throughput": 125,
                "volume_id": "vol-094a92040fff68fe4",
                "volume_size": 8,
                "volume_type": "gp3"
              }
            ],
            "secondary_private_ips": [],
            "security_groups": [
              "sg-0102724e123c7b3b9"
            ],
            "source_dest_check": true,
            "subnet_id": "subnet-0ccd953c4be975954",
            "tags": {
              "Name": "rising_ec2-pub2"
            },
            "tags_all": {
              "Name": "rising_ec2-pub2"
            },
            "tenancy": "default",
            "timeouts": null,
            "user_data": "6d677cf81f5b7782fb10eeec87844a53c9b3a52c",
            "user_data_base64": null,
            "volume_tags": null,
            "vpc_security_group_ids": [
              "sg-0102724e123c7b3b9"
            ]
          },
          "sensitive_attributes": [],
          "private": "eyJlMmJmYjczMC1lY2FhLTExZTYtOGY4OC0zNDM2M2JjN2M0YzAiOnsiY3JlYXRlIjo2MDAwMDAwMDAwMDAsImRlbGV0ZSI6MTIwMDAwMDAwMDAwMCwidXBkYXRlIjo2MDAwMDAwMDAwMDB9LCJzY2hlbWFfdmVyc2lvbiI6IjEifQ==",
          "dependencies": [
            "aws_key_pair.rising_make_keypair",
            "aws_security_group.rising-pub-SG",
            "aws_subnet.rising-pub-sub2",
            "aws_vpc.rising-vpc",
            "tls_private_key.rising_make_key"
          ]
        }
      ]
    },
    {
      "mode": "managed",
      "type": "aws_internet_gateway",
      "name": "risingIGW",
      "provider": "provider[\"registry.terraform.io/hashicorp/aws\"]",
      "instances": [
        {
          "schema_version": 0,
          "attributes": {
            "arn": "arn:aws:ec2:us-east-2:194729441513:internet-gateway/igw-0ae5503574164fb2e",
            "id": "igw-0ae5503574164fb2e",
            "owner_id": "194729441513",
            "tags": {
              "Name": "rising-IGW"
            },
            "tags_all": {
              "Name": "rising-IGW"
            },
            "vpc_id": "vpc-0660e8fab64b96655"
          },
          "sensitive_attributes": [],
          "private": "bnVsbA==",
          "dependencies": [
            "aws_vpc.rising-vpc"
          ]
        }
      ]
    },
    {
      "mode": "managed",
      "type": "aws_key_pair",
      "name": "rising_make_keypair",
      "provider": "provider[\"registry.terraform.io/hashicorp/aws\"]",
      "instances": [
        {
          "schema_version": 1,
          "attributes": {
            "arn": "arn:aws:ec2:us-east-2:194729441513:key-pair/rising_key",
            "fingerprint": "96:ce:76:e4:6d:10:6b:71:ac:dd:cc:1c:d2:2d:13:31",
            "id": "rising_key",
            "key_name": "rising_key",
            "key_name_prefix": "",
            "key_pair_id": "key-06ff8741bd4223f34",
            "public_key": "ssh-rsa AAAAB3NzaC1yc2EAAAADAQABAAACAQDGDFz1IY4yySdE1dRqwEdtoQtFOUOZq1SXleECvXCKyZDlK7ZLm+4FDSlYy3Ime64eSSbtNqJDdtUfVqnmv/gwH5/r6JA1IOxZbMRPPVHcrdS/dEKpfgOSNbgog17Y/AVv7WUb4pGq0b553bbwhyVaqFKxWXvldkemDRUE0Tp74+lj1KuMZ1S9MNpdoGHDeyWBCBF//3PwqM5V4/Vw8o+lx89VZrqu6QFpzhlhYumyPfP47wMgJ00PU0S9tPTGSUTqO9msQuIga8JNVOdOfmOLkqyIWQIJIJgoZZXPsZHJDfqMVScPJqla5uBqoGEZSC5qOv1ZsOo1A8nhTWAZwEB9QWudBbHFrm1vEmI0NHzp5HKvZ5lVHYAQkT8pKG/zz1CN7WtT3Pk85rItVzmtHUPA0vJ0QipvYXgHhKMGBFJ+oJK83a2utIUprVeGaIx85W4PbGHQqq3EuRKg63vrYVwdUHOw6+S4Q6yXuopRusqKLZqzK0WycQjxG14DxotIEYhIe7xyAIqKNGzzyy9mvQXnvxFWvFq022zY8R6R79D17rQEf1MeytTgW/xSA7V6X7sNtsxxwbD2ne0EqH+QqBVkgR9dkT/sUFscK2nAWgrr/mSROdpQ5AqckrQRNmgwH5SWMpOjhtAoJn4utD5fmw3s1AHx2dF1S83br7tO8RfHiw==",
            "tags": null,
            "tags_all": {}
          },
          "sensitive_attributes": [],
          "private": "eyJzY2hlbWFfdmVyc2lvbiI6IjEifQ==",
          "dependencies": [
            "tls_private_key.rising_make_key"
          ]
        }
      ]
    },
    {
      "mode": "managed",
      "type": "aws_route_table",
      "name": "rising-pri-Route",
      "provider": "provider[\"registry.terraform.io/hashicorp/aws\"]",
      "instances": [
        {
          "schema_version": 0,
          "attributes": {
            "arn": "arn:aws:ec2:us-east-2:194729441513:route-table/rtb-013d353d95822f893",
            "id": "rtb-013d353d95822f893",
            "owner_id": "194729441513",
            "propagating_vgws": [],
            "route": [],
            "tags": {
              "Name": "rising-private-route"
            },
            "tags_all": {
              "Name": "rising-private-route"
            },
            "timeouts": null,
            "vpc_id": "vpc-0660e8fab64b96655"
          },
          "sensitive_attributes": [],
          "private": "eyJlMmJmYjczMC1lY2FhLTExZTYtOGY4OC0zNDM2M2JjN2M0YzAiOnsiY3JlYXRlIjozMDAwMDAwMDAwMDAsImRlbGV0ZSI6MzAwMDAwMDAwMDAwLCJ1cGRhdGUiOjEyMDAwMDAwMDAwMH19",
          "dependencies": [
            "aws_vpc.rising-vpc"
          ]
        }
      ]
    },
    {
      "mode": "managed",
      "type": "aws_route_table",
      "name": "rising-pub-Route",
      "provider": "provider[\"registry.terraform.io/hashicorp/aws\"]",
      "instances": [
        {
          "schema_version": 0,
          "attributes": {
            "arn": "arn:aws:ec2:us-east-2:194729441513:route-table/rtb-0f23fd30a632729e7",
            "id": "rtb-0f23fd30a632729e7",
            "owner_id": "194729441513",
            "propagating_vgws": [],
            "route": [
              {
                "carrier_gateway_id": "",
                "cidr_block": "0.0.0.0/0",
                "destination_prefix_list_id": "",
                "egress_only_gateway_id": "",
                "gateway_id": "igw-0ae5503574164fb2e",
                "instance_id": "",
                "ipv6_cidr_block": "",
                "local_gateway_id": "",
                "nat_gateway_id": "",
                "network_interface_id": "",
                "transit_gateway_id": "",
                "vpc_endpoint_id": "",
                "vpc_peering_connection_id": ""
              }
            ],
            "tags": {
              "Name": "rising-public-route"
            },
            "tags_all": {
              "Name": "rising-public-route"
            },
            "timeouts": null,
            "vpc_id": "vpc-0660e8fab64b96655"
          },
          "sensitive_attributes": [],
          "private": "eyJlMmJmYjczMC1lY2FhLTExZTYtOGY4OC0zNDM2M2JjN2M0YzAiOnsiY3JlYXRlIjozMDAwMDAwMDAwMDAsImRlbGV0ZSI6MzAwMDAwMDAwMDAwLCJ1cGRhdGUiOjEyMDAwMDAwMDAwMH19",
          "dependencies": [
            "aws_internet_gateway.risingIGW",
            "aws_vpc.rising-vpc"
          ]
        }
      ]
    },
    {
      "mode": "managed",
      "type": "aws_route_table_association",
      "name": "rising-pri-RTAssociation1",
      "provider": "provider[\"registry.terraform.io/hashicorp/aws\"]",
      "instances": [
        {
          "schema_version": 0,
          "attributes": {
            "gateway_id": "",
            "id": "rtbassoc-0da676003bc58df6e",
            "route_table_id": "rtb-013d353d95822f893",
            "subnet_id": "subnet-0ab589be447dfe9a2"
          },
          "sensitive_attributes": [],
          "private": "bnVsbA==",
          "dependencies": [
            "aws_route_table.rising-pri-Route",
            "aws_subnet.rising-pri-sub1",
            "aws_vpc.rising-vpc"
          ]
        }
      ]
    },
    {
      "mode": "managed",
      "type": "aws_route_table_association",
      "name": "rising-pri-RTAssociation2",
      "provider": "provider[\"registry.terraform.io/hashicorp/aws\"]",
      "instances": [
        {
          "schema_version": 0,
          "attributes": {
            "gateway_id": "",
            "id": "rtbassoc-088869787e85fb38c",
            "route_table_id": "rtb-013d353d95822f893",
            "subnet_id": "subnet-062a2ab9b80cdd0f3"
          },
          "sensitive_attributes": [],
          "private": "bnVsbA==",
          "dependencies": [
            "aws_route_table.rising-pri-Route",
            "aws_subnet.rising-pri-sub2",
            "aws_vpc.rising-vpc"
          ]
        }
      ]
    },
    {
      "mode": "managed",
      "type": "aws_route_table_association",
      "name": "rising-pub-RTAssociation1",
      "provider": "provider[\"registry.terraform.io/hashicorp/aws\"]",
      "instances": [
        {
          "schema_version": 0,
          "attributes": {
            "gateway_id": "",
            "id": "rtbassoc-061e5b331d121ad02",
            "route_table_id": "rtb-0f23fd30a632729e7",
            "subnet_id": "subnet-0054082666736a2df"
          },
          "sensitive_attributes": [],
          "private": "bnVsbA==",
          "dependencies": [
            "aws_internet_gateway.risingIGW",
            "aws_route_table.rising-pub-Route",
            "aws_subnet.rising-pub-sub1",
            "aws_vpc.rising-vpc"
          ]
        }
      ]
    },
    {
      "mode": "managed",
      "type": "aws_route_table_association",
      "name": "rising-pub-RTAssociation2",
      "provider": "provider[\"registry.terraform.io/hashicorp/aws\"]",
      "instances": [
        {
          "schema_version": 0,
          "attributes": {
            "gateway_id": "",
            "id": "rtbassoc-03f7321850dc171ee",
            "route_table_id": "rtb-0f23fd30a632729e7",
            "subnet_id": "subnet-0ccd953c4be975954"
          },
          "sensitive_attributes": [],
          "private": "bnVsbA==",
          "dependencies": [
            "aws_internet_gateway.risingIGW",
            "aws_route_table.rising-pub-Route",
            "aws_subnet.rising-pub-sub2",
            "aws_vpc.rising-vpc"
          ]
        }
      ]
    },
    {
      "mode": "managed",
      "type": "aws_security_group",
      "name": "rising-pri-SG",
      "provider": "provider[\"registry.terraform.io/hashicorp/aws\"]",
      "instances": [
        {
          "schema_version": 1,
          "attributes": {
            "arn": "arn:aws:ec2:us-east-2:194729441513:security-group/sg-0cce27c9ffa4a2e3b",
            "description": "rising-pri-SG",
            "egress": [],
            "id": "sg-0cce27c9ffa4a2e3b",
            "ingress": [],
            "name": "rising-pri-SG",
            "name_prefix": "",
            "owner_id": "194729441513",
            "revoke_rules_on_delete": false,
            "tags": {
              "Name": "rising-pri-SG"
            },
            "tags_all": {
              "Name": "rising-pri-SG"
            },
            "timeouts": null,
            "vpc_id": "vpc-0660e8fab64b96655"
          },
          "sensitive_attributes": [],
          "private": "eyJlMmJmYjczMC1lY2FhLTExZTYtOGY4OC0zNDM2M2JjN2M0YzAiOnsiY3JlYXRlIjo2MDAwMDAwMDAwMDAsImRlbGV0ZSI6OTAwMDAwMDAwMDAwfSwic2NoZW1hX3ZlcnNpb24iOiIxIn0=",
          "dependencies": [
            "aws_vpc.rising-vpc"
          ],
          "create_before_destroy": true
        }
      ]
    },
    {
      "mode": "managed",
      "type": "aws_security_group",
      "name": "rising-pub-SG",
      "provider": "provider[\"registry.terraform.io/hashicorp/aws\"]",
      "instances": [
        {
          "schema_version": 1,
          "attributes": {
            "arn": "arn:aws:ec2:us-east-2:194729441513:security-group/sg-0102724e123c7b3b9",
            "description": "rising -pub-SG",
            "egress": [],
            "id": "sg-0102724e123c7b3b9",
            "ingress": [],
            "name": "rising-pub-SG",
            "name_prefix": "",
            "owner_id": "194729441513",
            "revoke_rules_on_delete": false,
            "tags": {
              "Name": "rising-pub-SG"
            },
            "tags_all": {
              "Name": "rising-pub-SG"
            },
            "timeouts": null,
            "vpc_id": "vpc-0660e8fab64b96655"
          },
          "sensitive_attributes": [],
          "private": "eyJlMmJmYjczMC1lY2FhLTExZTYtOGY4OC0zNDM2M2JjN2M0YzAiOnsiY3JlYXRlIjo2MDAwMDAwMDAwMDAsImRlbGV0ZSI6OTAwMDAwMDAwMDAwfSwic2NoZW1hX3ZlcnNpb24iOiIxIn0=",
          "dependencies": [
            "aws_vpc.rising-vpc"
          ],
          "create_before_destroy": true
        }
      ]
    },
    {
      "mode": "managed",
      "type": "aws_security_group_rule",
      "name": "rising-pri-SGRulesRDSegress",
      "provider": "provider[\"registry.terraform.io/hashicorp/aws\"]",
      "instances": [
        {
          "schema_version": 2,
          "attributes": {
            "cidr_blocks": null,
            "description": null,
            "from_port": 3306,
            "id": "sgrule-908767041",
            "ipv6_cidr_blocks": null,
            "prefix_list_ids": null,
            "protocol": "tcp",
            "security_group_id": "sg-0cce27c9ffa4a2e3b",
            "self": false,
            "source_security_group_id": "sg-0102724e123c7b3b9",
            "to_port": 3306,
            "type": "egress"
          },
          "sensitive_attributes": [],
          "private": "eyJzY2hlbWFfdmVyc2lvbiI6IjIifQ==",
          "dependencies": [
            "aws_security_group.rising-pri-SG",
            "aws_security_group.rising-pub-SG",
            "aws_vpc.rising-vpc"
          ],
          "create_before_destroy": true
        }
      ]
    },
    {
      "mode": "managed",
      "type": "aws_security_group_rule",
      "name": "rising-pri-SGRulesRDSingress",
      "provider": "provider[\"registry.terraform.io/hashicorp/aws\"]",
      "instances": [
        {
          "schema_version": 2,
          "attributes": {
            "cidr_blocks": null,
            "description": null,
            "from_port": 3306,
            "id": "sgrule-81029553",
            "ipv6_cidr_blocks": null,
            "prefix_list_ids": null,
            "protocol": "tcp",
            "security_group_id": "sg-0cce27c9ffa4a2e3b",
            "self": false,
            "source_security_group_id": "sg-0102724e123c7b3b9",
            "to_port": 3306,
            "type": "ingress"
          },
          "sensitive_attributes": [],
          "private": "eyJzY2hlbWFfdmVyc2lvbiI6IjIifQ==",
          "dependencies": [
            "aws_security_group.rising-pri-SG",
            "aws_security_group.rising-pub-SG",
            "aws_vpc.rising-vpc"
          ],
          "create_before_destroy": true
        }
      ]
    },
    {
      "mode": "managed",
      "type": "aws_security_group_rule",
      "name": "rising-pub-SGRulesALLegress",
      "provider": "provider[\"registry.terraform.io/hashicorp/aws\"]",
      "instances": [
        {
          "schema_version": 2,
          "attributes": {
            "cidr_blocks": [
              "0.0.0.0/0"
            ],
            "description": null,
            "from_port": 0,
            "id": "sgrule-2630018484",
            "ipv6_cidr_blocks": null,
            "prefix_list_ids": null,
            "protocol": "-1",
            "security_group_id": "sg-0102724e123c7b3b9",
            "self": false,
            "source_security_group_id": null,
            "to_port": 0,
            "type": "egress"
          },
          "sensitive_attributes": [],
          "private": "eyJzY2hlbWFfdmVyc2lvbiI6IjIifQ==",
          "dependencies": [
            "aws_security_group.rising-pub-SG",
            "aws_vpc.rising-vpc"
          ],
          "create_before_destroy": true
        }
      ]
    },
    {
      "mode": "managed",
      "type": "aws_security_group_rule",
      "name": "rising-pub-SGRulesHTTPingress",
      "provider": "provider[\"registry.terraform.io/hashicorp/aws\"]",
      "instances": [
        {
          "schema_version": 2,
          "attributes": {
            "cidr_blocks": [
              "0.0.0.0/0"
            ],
            "description": null,
            "from_port": 80,
            "id": "sgrule-2956025976",
            "ipv6_cidr_blocks": null,
            "prefix_list_ids": null,
            "protocol": "tcp",
            "security_group_id": "sg-0102724e123c7b3b9",
            "self": false,
            "source_security_group_id": null,
            "to_port": 80,
            "type": "ingress"
          },
          "sensitive_attributes": [],
          "private": "eyJzY2hlbWFfdmVyc2lvbiI6IjIifQ==",
          "dependencies": [
            "aws_security_group.rising-pub-SG",
            "aws_vpc.rising-vpc"
          ],
          "create_before_destroy": true
        }
      ]
    },
    {
      "mode": "managed",
      "type": "aws_security_group_rule",
      "name": "rising-pub-SGRulesSSHingress",
      "provider": "provider[\"registry.terraform.io/hashicorp/aws\"]",
      "instances": [
        {
          "schema_version": 2,
          "attributes": {
            "cidr_blocks": [
              "14.32.251.203/32"
            ],
            "description": null,
            "from_port": 22,
            "id": "sgrule-499729485",
            "ipv6_cidr_blocks": null,
            "prefix_list_ids": null,
            "protocol": "tcp",
            "security_group_id": "sg-0102724e123c7b3b9",
            "self": false,
            "source_security_group_id": null,
            "to_port": 22,
            "type": "ingress"
          },
          "sensitive_attributes": [],
          "private": "eyJzY2hlbWFfdmVyc2lvbiI6IjIifQ==",
          "dependencies": [
            "aws_security_group.rising-pub-SG",
            "aws_vpc.rising-vpc"
          ],
          "create_before_destroy": true
        }
      ]
    },
    {
      "mode": "managed",
      "type": "aws_subnet",
      "name": "rising-pri-sub1",
      "provider": "provider[\"registry.terraform.io/hashicorp/aws\"]",
      "instances": [
        {
          "schema_version": 1,
          "attributes": {
            "arn": "arn:aws:ec2:us-east-2:194729441513:subnet/subnet-0ab589be447dfe9a2",
            "assign_ipv6_address_on_creation": false,
            "availability_zone": "us-east-2c",
            "availability_zone_id": "use2-az3",
            "cidr_block": "10.5.1.0/24",
            "customer_owned_ipv4_pool": "",
            "enable_dns64": false,
            "enable_resource_name_dns_a_record_on_launch": false,
            "enable_resource_name_dns_aaaa_record_on_launch": false,
            "id": "subnet-0ab589be447dfe9a2",
            "ipv6_cidr_block": "",
            "ipv6_cidr_block_association_id": "",
            "ipv6_native": false,
            "map_customer_owned_ip_on_launch": false,
            "map_public_ip_on_launch": false,
            "outpost_arn": "",
            "owner_id": "194729441513",
            "private_dns_hostname_type_on_launch": "ip-name",
            "tags": {
              "Name": "rising-private-subnet1"
            },
            "tags_all": {
              "Name": "rising-private-subnet1"
            },
            "timeouts": null,
            "vpc_id": "vpc-0660e8fab64b96655"
          },
          "sensitive_attributes": [],
          "private": "eyJlMmJmYjczMC1lY2FhLTExZTYtOGY4OC0zNDM2M2JjN2M0YzAiOnsiY3JlYXRlIjo2MDAwMDAwMDAwMDAsImRlbGV0ZSI6MTIwMDAwMDAwMDAwMH0sInNjaGVtYV92ZXJzaW9uIjoiMSJ9",
          "dependencies": [
            "aws_vpc.rising-vpc"
          ]
        }
      ]
    },
    {
      "mode": "managed",
      "type": "aws_subnet",
      "name": "rising-pri-sub2",
      "provider": "provider[\"registry.terraform.io/hashicorp/aws\"]",
      "instances": [
        {
          "schema_version": 1,
          "attributes": {
            "arn": "arn:aws:ec2:us-east-2:194729441513:subnet/subnet-062a2ab9b80cdd0f3",
            "assign_ipv6_address_on_creation": false,
            "availability_zone": "us-east-2a",
            "availability_zone_id": "use2-az1",
            "cidr_block": "10.5.2.0/24",
            "customer_owned_ipv4_pool": "",
            "enable_dns64": false,
            "enable_resource_name_dns_a_record_on_launch": false,
            "enable_resource_name_dns_aaaa_record_on_launch": false,
            "id": "subnet-062a2ab9b80cdd0f3",
            "ipv6_cidr_block": "",
            "ipv6_cidr_block_association_id": "",
            "ipv6_native": false,
            "map_customer_owned_ip_on_launch": false,
            "map_public_ip_on_launch": false,
            "outpost_arn": "",
            "owner_id": "194729441513",
            "private_dns_hostname_type_on_launch": "ip-name",
            "tags": {
              "Name": "rising-private-subnet2"
            },
            "tags_all": {
              "Name": "rising-private-subnet2"
            },
            "timeouts": null,
            "vpc_id": "vpc-0660e8fab64b96655"
          },
          "sensitive_attributes": [],
          "private": "eyJlMmJmYjczMC1lY2FhLTExZTYtOGY4OC0zNDM2M2JjN2M0YzAiOnsiY3JlYXRlIjo2MDAwMDAwMDAwMDAsImRlbGV0ZSI6MTIwMDAwMDAwMDAwMH0sInNjaGVtYV92ZXJzaW9uIjoiMSJ9",
          "dependencies": [
            "aws_vpc.rising-vpc"
          ]
        }
      ]
    },
    {
      "mode": "managed",
      "type": "aws_subnet",
      "name": "rising-pub-sub1",
      "provider": "provider[\"registry.terraform.io/hashicorp/aws\"]",
      "instances": [
        {
          "schema_version": 1,
          "attributes": {
            "arn": "arn:aws:ec2:us-east-2:194729441513:subnet/subnet-0054082666736a2df",
            "assign_ipv6_address_on_creation": false,
            "availability_zone": "us-east-2c",
            "availability_zone_id": "use2-az3",
            "cidr_block": "10.5.11.0/24",
            "customer_owned_ipv4_pool": "",
            "enable_dns64": false,
            "enable_resource_name_dns_a_record_on_launch": false,
            "enable_resource_name_dns_aaaa_record_on_launch": false,
            "id": "subnet-0054082666736a2df",
            "ipv6_cidr_block": "",
            "ipv6_cidr_block_association_id": "",
            "ipv6_native": false,
            "map_customer_owned_ip_on_launch": false,
            "map_public_ip_on_launch": true,
            "outpost_arn": "",
            "owner_id": "194729441513",
            "private_dns_hostname_type_on_launch": "ip-name",
            "tags": {
              "Name": "rising-public-subnet1"
            },
            "tags_all": {
              "Name": "rising-public-subnet1"
            },
            "timeouts": null,
            "vpc_id": "vpc-0660e8fab64b96655"
          },
          "sensitive_attributes": [],
          "private": "eyJlMmJmYjczMC1lY2FhLTExZTYtOGY4OC0zNDM2M2JjN2M0YzAiOnsiY3JlYXRlIjo2MDAwMDAwMDAwMDAsImRlbGV0ZSI6MTIwMDAwMDAwMDAwMH0sInNjaGVtYV92ZXJzaW9uIjoiMSJ9",
          "dependencies": [
            "aws_vpc.rising-vpc"
          ]
        }
      ]
    },
    {
      "mode": "managed",
      "type": "aws_subnet",
      "name": "rising-pub-sub2",
      "provider": "provider[\"registry.terraform.io/hashicorp/aws\"]",
      "instances": [
        {
          "schema_version": 1,
          "attributes": {
            "arn": "arn:aws:ec2:us-east-2:194729441513:subnet/subnet-0ccd953c4be975954",
            "assign_ipv6_address_on_creation": false,
            "availability_zone": "us-east-2a",
            "availability_zone_id": "use2-az1",
            "cidr_block": "10.5.12.0/24",
            "customer_owned_ipv4_pool": "",
            "enable_dns64": false,
            "enable_resource_name_dns_a_record_on_launch": false,
            "enable_resource_name_dns_aaaa_record_on_launch": false,
            "id": "subnet-0ccd953c4be975954",
            "ipv6_cidr_block": "",
            "ipv6_cidr_block_association_id": "",
            "ipv6_native": false,
            "map_customer_owned_ip_on_launch": false,
            "map_public_ip_on_launch": true,
            "outpost_arn": "",
            "owner_id": "194729441513",
            "private_dns_hostname_type_on_launch": "ip-name",
            "tags": {
              "Name": "rising-public-subnet2"
            },
            "tags_all": {
              "Name": "rising-public-subnet2"
            },
            "timeouts": null,
            "vpc_id": "vpc-0660e8fab64b96655"
          },
          "sensitive_attributes": [],
          "private": "eyJlMmJmYjczMC1lY2FhLTExZTYtOGY4OC0zNDM2M2JjN2M0YzAiOnsiY3JlYXRlIjo2MDAwMDAwMDAwMDAsImRlbGV0ZSI6MTIwMDAwMDAwMDAwMH0sInNjaGVtYV92ZXJzaW9uIjoiMSJ9",
          "dependencies": [
            "aws_vpc.rising-vpc"
          ]
        }
      ]
    },
    {
      "mode": "managed",
      "type": "aws_vpc",
      "name": "rising-vpc",
      "provider": "provider[\"registry.terraform.io/hashicorp/aws\"]",
      "instances": [
        {
          "schema_version": 1,
          "attributes": {
            "arn": "arn:aws:ec2:us-east-2:194729441513:vpc/vpc-0660e8fab64b96655",
            "assign_generated_ipv6_cidr_block": false,
            "cidr_block": "10.5.0.0/16",
            "default_network_acl_id": "acl-06c1b18e9b17158a4",
            "default_route_table_id": "rtb-0bab8e11fa82b4c47",
            "default_security_group_id": "sg-07e6e48318a345922",
            "dhcp_options_id": "dopt-0772b700676ea6fcf",
            "enable_classiclink": false,
            "enable_classiclink_dns_support": false,
            "enable_dns_hostnames": true,
            "enable_dns_support": true,
            "id": "vpc-0660e8fab64b96655",
            "instance_tenancy": "default",
            "ipv4_ipam_pool_id": null,
            "ipv4_netmask_length": null,
            "ipv6_association_id": "",
            "ipv6_cidr_block": "",
            "ipv6_cidr_block_network_border_group": "",
            "ipv6_ipam_pool_id": "",
            "ipv6_netmask_length": 0,
            "main_route_table_id": "rtb-0bab8e11fa82b4c47",
            "owner_id": "194729441513",
            "tags": null,
            "tags_all": {}
          },
          "sensitive_attributes": [],
          "private": "eyJzY2hlbWFfdmVyc2lvbiI6IjEifQ==",
          "create_before_destroy": true
        }
      ]
    },
    {
      "mode": "managed",
      "type": "local_file",
      "name": "rising_downloads_key",
      "provider": "provider[\"registry.terraform.io/hashicorp/local\"]",
      "instances": [
        {
          "schema_version": 0,
          "attributes": {
            "content": "-----BEGIN RSA PRIVATE KEY-----\nMIIJKAIBAAKCAgEAxgxc9SGOMsknRNXUasBHbaELRTlDmatUl5XhAr1wismQ5Su2\nS5vuBQ0pWMtyJnuuHkkm7TaiQ3bVH1ap5r/4MB+f6+iQNSDsWWzETz1R3K3Uv3RC\nqX4DkjW4KINe2PwFb+1lG+KRqtG+ed228IclWqhSsVl75XZHpg0VBNE6e+PpY9Sr\njGdUvTDaXaBhw3slgQgRf/9z8KjOVeP1cPKPpcfPVWa6rukBac4ZYWLpsj3z+O8D\nICdND1NEvbT0xklE6jvZrELiIGvCTVTnTn5ji5KsiFkCCSCYKGWVz7GRyQ36jFUn\nDyapWubgaqBhGUguajr9WbDqNQPJ4U1gGcBAfUFrnQWxxa5tbxJiNDR86eRyr2eZ\nVR2AEJE/KShv889Qje1rU9z5POayLVc5rR1DwNLydEIqb2F4B4SjBgRSfqCSvN2t\nrrSFKa1XhmiMfOVuD2xh0KqtxLkSoOt762FcHVBzsOvkuEOsl7qKUbrKii2asytF\nsnEI8RteA8aLSBGISHu8cgCKijRs88svZr0F578RVrxatNts2PEeke/Q9e60BH9T\nHsrU4Fv8UgO1el+7DbbMccGw9p3tBKh/kKgVZIEfXZE/7FBbHCtpwFoK6/5kkTna\nUOQKnJK0ETZoMB+UljKTo4bQKCZ+LrQ+X5sN7NQB8dnRdUvN26+7TvEXx4sCAwEA\nAQKCAgA8H9S4to8s69R4GVJ7dhQ5PALn6RKUvGbZ/i5pXomkGL1cVYDqQ1RnRC+h\nPWJSPIoHt72Rllx8jr703KKH4w+9zFwIinn9JxmZrGOMitknXb6QwQLb4d3DrXtT\nEU7iIOClsjRX2tjOOw7QgHbhXqYAd8li/f+XEel+h8oxxDM1GWPpYs8RuO0I4qPo\neKA1cFVabtChQzQ3g4fgm2wP9hOWCKrxClbyctpy/JbH8fdwnU5L7IPOZyAF3wmn\nbiBBckzxr2nN2iA8J3q9b2Epe0VNQiIO4razfqmy2eQ5QXc4yn2dzNwmxV30stK+\njCHuQvOUXIQ9jnAL2DKZq5vZNXxeAZctqMEhRWDdXIAbI0k8yzG3w846O8un6iqD\n8TutPTWKVccB5qTUfIwAsXuQB+imlp2mqnrnLBKRHXNLj5lEydXsURpJcRzcR9wI\nNzpW0dgf8YS6zisNA9ZFe6HUr8teqeGWxLTYWVrS7e4SQvCSpHWDoT9AbhRzvyaC\nNdiZ37/l1Z6nrOlrjH1ClCKxQ0FEQD26Pr5F3hiB7TGxfD+XYO8S5MRFTPdGmusJ\ne5iRoicqSGv8WbB0rJDFjYHLYe83Rgfd4Llh1tCjx749SA+ub7e2aByFcfOfFqLx\nQDDLTBTqGwcGYtHRtbIK7T8XVeodGYE5NycPWyPxlWSltVP5AQKCAQEA3HrjlZAa\nwww+PTnrZEi2V5aJIbBVikzfmUrR1ANiLa/AKl6bliVqIj795Q097HHezV1eetNT\n6iaWKxHdfsYDDm9b6jTsrybVxt57u2ARtLzaf0ErzZWjK8ZLghLLonmwYBpR/6iq\nK8IdPo7qIvALSukL25pmaNIRfOHGL958IDjHsAz4ebp0I9HcqBPhl5+W83dOBDxh\nu9etcF6JbFSgaVtjgK+30ORoiEwlmIG5VoTTro5eztJ7cxRldSrGLWUnKNKZVDFW\nRUEPM6p0RJiOQY7hkekOyNOX9Du0PUQwLsJoeFWLNrNs6UjaUTbs9pqPB63sCuNG\n5or2BQeIs7mB+wKCAQEA5fRWNZOxoSLG193DkkiU3rZv51amTdlH8385ot2ch/Yk\nmLncb+o5ETu9HgVMqag2pN8haJ6gRAi0J5YwaROUi09Avq8TMXJUqbyrUQN5wNCu\nkxoaezr8M2S2Wi9fi2qGmujarEPqgEBf0HqhU6yDwvzl6WrWg6yBSLYSm8kbgc8S\nLBP5beNunbg7qURrO5nkfO8GzxD8mf5elqD2u3f20E2QyNBbvY91BPkZFaL1tC1R\nMqyQqZ7JBlZHUOHNATD/AGd6vDEJVA0MI6y0RrBaPt2i5PICnWoPgEi0ojyoy3Pp\nyn3lishegCu/p47aByWcisev2j/uV2zv1xcRJrNrsQKCAQAqq+4YKEfFsDzrhKY2\nRoxj71KjHomvtqkf9gceTXlW9kju6liaeqtL7X0eM63kcTV58bQzeWsoSkeOFmsT\n+iblSFA1yAB29cEyOCUiYrmKjXKMZoSfyXJHKp26kwCudXbZYr60CGTHC061qNtP\n372PxgLxgbSIXP/dd6Tv5tOHOPYM8LW2eYu40wktzos+2ThR7qk+0KDpxhhfQyy9\ntrNFMNbVNS0SVOKWXoZ4OcMxJ4wAoLVgugQChdQNFTY92vH1SK08SkA0Lx9OFJNk\nI1KFBa5KmxytaaZjMprzsJrSsfWeNJA5CgjuLZdzWHoMUGWWSucARHSYchSjbI3c\nmu65AoIBAQDE4Xi6MHTiAHN8uNtMMKZ9NHgE+pQyjPjkiqYfQlxVsDHPLTqF+2TW\n023s+R6VF3eJm5zwBPg0p7sPNbDHFkOVLsrBOAZXzIqeNPH8z9v7cPA29B9+KJdr\nrSvPdUX5iMAse3dWDGQHYJZoWcYsbMT3Oi3itl1pqVWbmn++L+ZEMrVdVdC1/AZm\nNSmnl/OzuOP+72vF98Y+VqJHlxMImQKRgAeZV4NkfiHzmw6WDssNc8tUdpj5EQEO\nUuqGXn12Kqv5fZ+A5v8UnoMpPCGxcCYkMwDXwjjo67jP3fACA6uFXf3qJ/ZS55C5\nbjuOS2lyuwoXbDasxxXadmO2pYJCv1VRAoIBADjte1TXotW5NN/lXnE14/CNk6j/\nLJ8A25cWzADanIKut32rKgV+nthz2idBAJkH7NEJVE15sDQCw1Mv/VxKZfl0F6vw\nUnC3/a042cvXVLMSK4DcaWwCx3dqlV+hdc/wSHOijXwfp34rTkUk2dznUmipciyu\nK5cvuPpAeOIvEJbsvQ+gYj44efzAM6TlfjkxSi4IrrcWaRptp38QaPH+KYOBA1WR\nwEMH5dQ+7bbXMR1Ntq1L2JWcZpMuxUI1AfPK/zs3OZ81K3h+tb6zy7ch7CpnKiS7\n+MIV85FM8RptAefCtMndGjuDv4IZjKep4tUq9A/XY0Z2Be7bUvzHccBiajQ=\n-----END RSA PRIVATE KEY-----\n",
            "content_base64": null,
            "content_base64sha256": "IWawPaGpTSI02TKwmC81tHP5H6m5CPCWXX2uP/27At0=",
            "content_base64sha512": "OtbpBMS0UBWWxbu8dKa6dD2P0R9pnU/M4GA6ZbP3+LBSjyv4VjFX0NWAA+02QUVvQVNca6eQjzJmyYxc8JtEug==",
            "content_md5": "1515b681c38f5de167e3074c66583314",
            "content_sha1": "44e102b856b1c822a5c4e35a0e8e752094b50945",
            "content_sha256": "2166b03da1a94d2234d932b0982f35b473f91fa9b908f0965d7dae3ffdbb02dd",
            "content_sha512": "3ad6e904c4b4501596c5bbbc74a6ba743d8fd11f699d4fcce0603a65b3f7f8b0528f2bf8563157d0d58003ed3641456f41535c6ba7908f3266c98c5cf09b44ba",
            "directory_permission": "0777",
            "file_permission": "0777",
            "filename": "rising_key.pem",
            "id": "44e102b856b1c822a5c4e35a0e8e752094b50945",
            "sensitive_content": null,
            "source": null
          },
          "sensitive_attributes": [
            [
              {
                "type": "get_attr",
                "value": "content"
              }
            ]
          ],
          "dependencies": [
            "tls_private_key.rising_make_key"
          ]
        }
      ]
    },
    {
      "mode": "managed",
      "type": "tls_private_key",
      "name": "rising_make_key",
      "provider": "provider[\"registry.terraform.io/hashicorp/tls\"]",
      "instances": [
        {
          "schema_version": 1,
          "attributes": {
            "algorithm": "RSA",
            "ecdsa_curve": "P224",
            "id": "33c44dca109cdf8e023feb3c213af4afd5ddf6d5",
            "private_key_openssh": "-----BEGIN OPENSSH PRIVATE KEY-----\nb3BlbnNzaC1rZXktdjEAAAAABG5vbmUAAAAEbm9uZQAAAAAAAAABAAACFwAAAAdz\nc2gtcnNhAAAAAwEAAQAAAgEAxgxc9SGOMsknRNXUasBHbaELRTlDmatUl5XhAr1w\nismQ5Su2S5vuBQ0pWMtyJnuuHkkm7TaiQ3bVH1ap5r/4MB+f6+iQNSDsWWzETz1R\n3K3Uv3RCqX4DkjW4KINe2PwFb+1lG+KRqtG+ed228IclWqhSsVl75XZHpg0VBNE6\ne+PpY9SrjGdUvTDaXaBhw3slgQgRf/9z8KjOVeP1cPKPpcfPVWa6rukBac4ZYWLp\nsj3z+O8DICdND1NEvbT0xklE6jvZrELiIGvCTVTnTn5ji5KsiFkCCSCYKGWVz7GR\nyQ36jFUnDyapWubgaqBhGUguajr9WbDqNQPJ4U1gGcBAfUFrnQWxxa5tbxJiNDR8\n6eRyr2eZVR2AEJE/KShv889Qje1rU9z5POayLVc5rR1DwNLydEIqb2F4B4SjBgRS\nfqCSvN2trrSFKa1XhmiMfOVuD2xh0KqtxLkSoOt762FcHVBzsOvkuEOsl7qKUbrK\nii2asytFsnEI8RteA8aLSBGISHu8cgCKijRs88svZr0F578RVrxatNts2PEeke/Q\n9e60BH9THsrU4Fv8UgO1el+7DbbMccGw9p3tBKh/kKgVZIEfXZE/7FBbHCtpwFoK\n6/5kkTnaUOQKnJK0ETZoMB+UljKTo4bQKCZ+LrQ+X5sN7NQB8dnRdUvN26+7TvEX\nx4sAAAc4yNxTqsjcU6oAAAAHc3NoLXJzYQAAAgEAxgxc9SGOMsknRNXUasBHbaEL\nRTlDmatUl5XhAr1wismQ5Su2S5vuBQ0pWMtyJnuuHkkm7TaiQ3bVH1ap5r/4MB+f\n6+iQNSDsWWzETz1R3K3Uv3RCqX4DkjW4KINe2PwFb+1lG+KRqtG+ed228IclWqhS\nsVl75XZHpg0VBNE6e+PpY9SrjGdUvTDaXaBhw3slgQgRf/9z8KjOVeP1cPKPpcfP\nVWa6rukBac4ZYWLpsj3z+O8DICdND1NEvbT0xklE6jvZrELiIGvCTVTnTn5ji5Ks\niFkCCSCYKGWVz7GRyQ36jFUnDyapWubgaqBhGUguajr9WbDqNQPJ4U1gGcBAfUFr\nnQWxxa5tbxJiNDR86eRyr2eZVR2AEJE/KShv889Qje1rU9z5POayLVc5rR1DwNLy\ndEIqb2F4B4SjBgRSfqCSvN2trrSFKa1XhmiMfOVuD2xh0KqtxLkSoOt762FcHVBz\nsOvkuEOsl7qKUbrKii2asytFsnEI8RteA8aLSBGISHu8cgCKijRs88svZr0F578R\nVrxatNts2PEeke/Q9e60BH9THsrU4Fv8UgO1el+7DbbMccGw9p3tBKh/kKgVZIEf\nXZE/7FBbHCtpwFoK6/5kkTnaUOQKnJK0ETZoMB+UljKTo4bQKCZ+LrQ+X5sN7NQB\n8dnRdUvN26+7TvEXx4sAAAADAQABAAACADwf1Li2jyzr1HgZUnt2FDk8AufpEpS8\nZtn+LmleiaQYvVxVgOpDVGdEL6E9YlI8ige3vZGWXHyOvvTcoofjD73MXAiKef0n\nGZmsY4yK2SddvpDBAtvh3cOte1MRTuIg4KWyNFfa2M47DtCAduFepgB3yWL9/5cR\n6X6HyjHEMzUZY+lizxG47Qjio+h4oDVwVVpu0KFDNDeDh+CbbA/2E5YIqvEKVvJy\n2nL8lsfx93CdTkvsg85nIAXfCaduIEFyTPGvac3aIDwner1vYSl7RU1CIg7itrN+\nqbLZ5DlBdzjKfZ3M3CbFXfSy0r6MIe5C85RchD2OcAvYMpmrm9k1fF4Bly2owSFF\nYN1cgBsjSTzLMbfDzjo7y6fqKoPxO609NYpVxwHmpNR8jACxe5AH6KaWnaaqeucs\nEpEdc0uPmUTJ1exRGklxHNxH3Ag3OlbR2B/xhLrOKw0D1kV7odSvy16p4ZbEtNhZ\nWtLt7hJC8JKkdYOhP0BuFHO/JoI12Jnfv+XVnqes6WuMfUKUIrFDQURAPbo+vkXe\nGIHtMbF8P5dg7xLkxEVM90aa6wl7mJGiJypIa/xZsHSskMWNgcth7zdGB93guWHW\n0KPHvj1ID65vt7ZoHIVx858WovFAMMtMFOobBwZi0dG1sgrtPxdV6h0ZgTk3Jw9b\nI/GVZKW1U/kBAAABADjte1TXotW5NN/lXnE14/CNk6j/LJ8A25cWzADanIKut32r\nKgV+nthz2idBAJkH7NEJVE15sDQCw1Mv/VxKZfl0F6vwUnC3/a042cvXVLMSK4Dc\naWwCx3dqlV+hdc/wSHOijXwfp34rTkUk2dznUmipciyuK5cvuPpAeOIvEJbsvQ+g\nYj44efzAM6TlfjkxSi4IrrcWaRptp38QaPH+KYOBA1WRwEMH5dQ+7bbXMR1Ntq1L\n2JWcZpMuxUI1AfPK/zs3OZ81K3h+tb6zy7ch7CpnKiS7+MIV85FM8RptAefCtMnd\nGjuDv4IZjKep4tUq9A/XY0Z2Be7bUvzHccBiajQAAAEBANx645WQGsMMPj0562RI\ntleWiSGwVYpM35lK0dQDYi2vwCpem5YlaiI+/eUNPexx3s1dXnrTU+omlisR3X7G\nAw5vW+o07K8m1cbee7tgEbS82n9BK82VoyvGS4ISy6J5sGAaUf+oqivCHT6O6iLw\nC0rpC9uaZmjSEXzhxi/efCA4x7AM+Hm6dCPR3KgT4ZeflvN3TgQ8YbvXrXBeiWxU\noGlbY4Cvt9DkaIhMJZiBuVaE066OXs7Se3MUZXUqxi1lJyjSmVQxVkVBDzOqdESY\njkGO4ZHpDsjTl/Q7tD1EMC7CaHhVizazbOlI2lE27Paajwet7ArjRuaK9gUHiLO5\ngfsAAAEBAOX0VjWTsaEixtfdw5JIlN62b+dWpk3ZR/N/OaLdnIf2JJi53G/qORE7\nvR4FTKmoNqTfIWieoEQItCeWMGkTlItPQL6vEzFyVKm8q1EDecDQrpMaGns6/DNk\ntlovX4tqhpro2qxD6oBAX9B6oVOsg8L85elq1oOsgUi2EpvJG4HPEiwT+W3jbp24\nO6lEazuZ5HzvBs8Q/Jn+Xpag9rt39tBNkMjQW72PdQT5GRWi9bQtUTKskKmeyQZW\nR1DhzQEw/wBnerwxCVQNDCOstEawWj7douTyAp1qD4BItKI8qMtz6cp95YrIXoAr\nv6eO2gclnIrHr9o/7lds79cXESaza7EAAAAAAQID\n-----END OPENSSH PRIVATE KEY-----\n",
            "private_key_pem": "-----BEGIN RSA PRIVATE KEY-----\nMIIJKAIBAAKCAgEAxgxc9SGOMsknRNXUasBHbaELRTlDmatUl5XhAr1wismQ5Su2\nS5vuBQ0pWMtyJnuuHkkm7TaiQ3bVH1ap5r/4MB+f6+iQNSDsWWzETz1R3K3Uv3RC\nqX4DkjW4KINe2PwFb+1lG+KRqtG+ed228IclWqhSsVl75XZHpg0VBNE6e+PpY9Sr\njGdUvTDaXaBhw3slgQgRf/9z8KjOVeP1cPKPpcfPVWa6rukBac4ZYWLpsj3z+O8D\nICdND1NEvbT0xklE6jvZrELiIGvCTVTnTn5ji5KsiFkCCSCYKGWVz7GRyQ36jFUn\nDyapWubgaqBhGUguajr9WbDqNQPJ4U1gGcBAfUFrnQWxxa5tbxJiNDR86eRyr2eZ\nVR2AEJE/KShv889Qje1rU9z5POayLVc5rR1DwNLydEIqb2F4B4SjBgRSfqCSvN2t\nrrSFKa1XhmiMfOVuD2xh0KqtxLkSoOt762FcHVBzsOvkuEOsl7qKUbrKii2asytF\nsnEI8RteA8aLSBGISHu8cgCKijRs88svZr0F578RVrxatNts2PEeke/Q9e60BH9T\nHsrU4Fv8UgO1el+7DbbMccGw9p3tBKh/kKgVZIEfXZE/7FBbHCtpwFoK6/5kkTna\nUOQKnJK0ETZoMB+UljKTo4bQKCZ+LrQ+X5sN7NQB8dnRdUvN26+7TvEXx4sCAwEA\nAQKCAgA8H9S4to8s69R4GVJ7dhQ5PALn6RKUvGbZ/i5pXomkGL1cVYDqQ1RnRC+h\nPWJSPIoHt72Rllx8jr703KKH4w+9zFwIinn9JxmZrGOMitknXb6QwQLb4d3DrXtT\nEU7iIOClsjRX2tjOOw7QgHbhXqYAd8li/f+XEel+h8oxxDM1GWPpYs8RuO0I4qPo\neKA1cFVabtChQzQ3g4fgm2wP9hOWCKrxClbyctpy/JbH8fdwnU5L7IPOZyAF3wmn\nbiBBckzxr2nN2iA8J3q9b2Epe0VNQiIO4razfqmy2eQ5QXc4yn2dzNwmxV30stK+\njCHuQvOUXIQ9jnAL2DKZq5vZNXxeAZctqMEhRWDdXIAbI0k8yzG3w846O8un6iqD\n8TutPTWKVccB5qTUfIwAsXuQB+imlp2mqnrnLBKRHXNLj5lEydXsURpJcRzcR9wI\nNzpW0dgf8YS6zisNA9ZFe6HUr8teqeGWxLTYWVrS7e4SQvCSpHWDoT9AbhRzvyaC\nNdiZ37/l1Z6nrOlrjH1ClCKxQ0FEQD26Pr5F3hiB7TGxfD+XYO8S5MRFTPdGmusJ\ne5iRoicqSGv8WbB0rJDFjYHLYe83Rgfd4Llh1tCjx749SA+ub7e2aByFcfOfFqLx\nQDDLTBTqGwcGYtHRtbIK7T8XVeodGYE5NycPWyPxlWSltVP5AQKCAQEA3HrjlZAa\nwww+PTnrZEi2V5aJIbBVikzfmUrR1ANiLa/AKl6bliVqIj795Q097HHezV1eetNT\n6iaWKxHdfsYDDm9b6jTsrybVxt57u2ARtLzaf0ErzZWjK8ZLghLLonmwYBpR/6iq\nK8IdPo7qIvALSukL25pmaNIRfOHGL958IDjHsAz4ebp0I9HcqBPhl5+W83dOBDxh\nu9etcF6JbFSgaVtjgK+30ORoiEwlmIG5VoTTro5eztJ7cxRldSrGLWUnKNKZVDFW\nRUEPM6p0RJiOQY7hkekOyNOX9Du0PUQwLsJoeFWLNrNs6UjaUTbs9pqPB63sCuNG\n5or2BQeIs7mB+wKCAQEA5fRWNZOxoSLG193DkkiU3rZv51amTdlH8385ot2ch/Yk\nmLncb+o5ETu9HgVMqag2pN8haJ6gRAi0J5YwaROUi09Avq8TMXJUqbyrUQN5wNCu\nkxoaezr8M2S2Wi9fi2qGmujarEPqgEBf0HqhU6yDwvzl6WrWg6yBSLYSm8kbgc8S\nLBP5beNunbg7qURrO5nkfO8GzxD8mf5elqD2u3f20E2QyNBbvY91BPkZFaL1tC1R\nMqyQqZ7JBlZHUOHNATD/AGd6vDEJVA0MI6y0RrBaPt2i5PICnWoPgEi0ojyoy3Pp\nyn3lishegCu/p47aByWcisev2j/uV2zv1xcRJrNrsQKCAQAqq+4YKEfFsDzrhKY2\nRoxj71KjHomvtqkf9gceTXlW9kju6liaeqtL7X0eM63kcTV58bQzeWsoSkeOFmsT\n+iblSFA1yAB29cEyOCUiYrmKjXKMZoSfyXJHKp26kwCudXbZYr60CGTHC061qNtP\n372PxgLxgbSIXP/dd6Tv5tOHOPYM8LW2eYu40wktzos+2ThR7qk+0KDpxhhfQyy9\ntrNFMNbVNS0SVOKWXoZ4OcMxJ4wAoLVgugQChdQNFTY92vH1SK08SkA0Lx9OFJNk\nI1KFBa5KmxytaaZjMprzsJrSsfWeNJA5CgjuLZdzWHoMUGWWSucARHSYchSjbI3c\nmu65AoIBAQDE4Xi6MHTiAHN8uNtMMKZ9NHgE+pQyjPjkiqYfQlxVsDHPLTqF+2TW\n023s+R6VF3eJm5zwBPg0p7sPNbDHFkOVLsrBOAZXzIqeNPH8z9v7cPA29B9+KJdr\nrSvPdUX5iMAse3dWDGQHYJZoWcYsbMT3Oi3itl1pqVWbmn++L+ZEMrVdVdC1/AZm\nNSmnl/OzuOP+72vF98Y+VqJHlxMImQKRgAeZV4NkfiHzmw6WDssNc8tUdpj5EQEO\nUuqGXn12Kqv5fZ+A5v8UnoMpPCGxcCYkMwDXwjjo67jP3fACA6uFXf3qJ/ZS55C5\nbjuOS2lyuwoXbDasxxXadmO2pYJCv1VRAoIBADjte1TXotW5NN/lXnE14/CNk6j/\nLJ8A25cWzADanIKut32rKgV+nthz2idBAJkH7NEJVE15sDQCw1Mv/VxKZfl0F6vw\nUnC3/a042cvXVLMSK4DcaWwCx3dqlV+hdc/wSHOijXwfp34rTkUk2dznUmipciyu\nK5cvuPpAeOIvEJbsvQ+gYj44efzAM6TlfjkxSi4IrrcWaRptp38QaPH+KYOBA1WR\nwEMH5dQ+7bbXMR1Ntq1L2JWcZpMuxUI1AfPK/zs3OZ81K3h+tb6zy7ch7CpnKiS7\n+MIV85FM8RptAefCtMndGjuDv4IZjKep4tUq9A/XY0Z2Be7bUvzHccBiajQ=\n-----END RSA PRIVATE KEY-----\n",
            "private_key_pem_pkcs8": "-----BEGIN PRIVATE KEY-----\nMIIJQgIBADANBgkqhkiG9w0BAQEFAASCCSwwggkoAgEAAoICAQDGDFz1IY4yySdE\n1dRqwEdtoQtFOUOZq1SXleECvXCKyZDlK7ZLm+4FDSlYy3Ime64eSSbtNqJDdtUf\nVqnmv/gwH5/r6JA1IOxZbMRPPVHcrdS/dEKpfgOSNbgog17Y/AVv7WUb4pGq0b55\n3bbwhyVaqFKxWXvldkemDRUE0Tp74+lj1KuMZ1S9MNpdoGHDeyWBCBF//3PwqM5V\n4/Vw8o+lx89VZrqu6QFpzhlhYumyPfP47wMgJ00PU0S9tPTGSUTqO9msQuIga8JN\nVOdOfmOLkqyIWQIJIJgoZZXPsZHJDfqMVScPJqla5uBqoGEZSC5qOv1ZsOo1A8nh\nTWAZwEB9QWudBbHFrm1vEmI0NHzp5HKvZ5lVHYAQkT8pKG/zz1CN7WtT3Pk85rIt\nVzmtHUPA0vJ0QipvYXgHhKMGBFJ+oJK83a2utIUprVeGaIx85W4PbGHQqq3EuRKg\n63vrYVwdUHOw6+S4Q6yXuopRusqKLZqzK0WycQjxG14DxotIEYhIe7xyAIqKNGzz\nyy9mvQXnvxFWvFq022zY8R6R79D17rQEf1MeytTgW/xSA7V6X7sNtsxxwbD2ne0E\nqH+QqBVkgR9dkT/sUFscK2nAWgrr/mSROdpQ5AqckrQRNmgwH5SWMpOjhtAoJn4u\ntD5fmw3s1AHx2dF1S83br7tO8RfHiwIDAQABAoICADwf1Li2jyzr1HgZUnt2FDk8\nAufpEpS8Ztn+LmleiaQYvVxVgOpDVGdEL6E9YlI8ige3vZGWXHyOvvTcoofjD73M\nXAiKef0nGZmsY4yK2SddvpDBAtvh3cOte1MRTuIg4KWyNFfa2M47DtCAduFepgB3\nyWL9/5cR6X6HyjHEMzUZY+lizxG47Qjio+h4oDVwVVpu0KFDNDeDh+CbbA/2E5YI\nqvEKVvJy2nL8lsfx93CdTkvsg85nIAXfCaduIEFyTPGvac3aIDwner1vYSl7RU1C\nIg7itrN+qbLZ5DlBdzjKfZ3M3CbFXfSy0r6MIe5C85RchD2OcAvYMpmrm9k1fF4B\nly2owSFFYN1cgBsjSTzLMbfDzjo7y6fqKoPxO609NYpVxwHmpNR8jACxe5AH6KaW\nnaaqeucsEpEdc0uPmUTJ1exRGklxHNxH3Ag3OlbR2B/xhLrOKw0D1kV7odSvy16p\n4ZbEtNhZWtLt7hJC8JKkdYOhP0BuFHO/JoI12Jnfv+XVnqes6WuMfUKUIrFDQURA\nPbo+vkXeGIHtMbF8P5dg7xLkxEVM90aa6wl7mJGiJypIa/xZsHSskMWNgcth7zdG\nB93guWHW0KPHvj1ID65vt7ZoHIVx858WovFAMMtMFOobBwZi0dG1sgrtPxdV6h0Z\ngTk3Jw9bI/GVZKW1U/kBAoIBAQDceuOVkBrDDD49OetkSLZXlokhsFWKTN+ZStHU\nA2Itr8AqXpuWJWoiPv3lDT3scd7NXV5601PqJpYrEd1+xgMOb1vqNOyvJtXG3nu7\nYBG0vNp/QSvNlaMrxkuCEsuiebBgGlH/qKorwh0+juoi8AtK6QvbmmZo0hF84cYv\n3nwgOMewDPh5unQj0dyoE+GXn5bzd04EPGG7161wXolsVKBpW2OAr7fQ5GiITCWY\ngblWhNOujl7O0ntzFGV1KsYtZSco0plUMVZFQQ8zqnREmI5BjuGR6Q7I05f0O7Q9\nRDAuwmh4VYs2s2zpSNpRNuz2mo8HrewK40bmivYFB4izuYH7AoIBAQDl9FY1k7Gh\nIsbX3cOSSJTetm/nVqZN2Ufzfzmi3ZyH9iSYudxv6jkRO70eBUypqDak3yFonqBE\nCLQnljBpE5SLT0C+rxMxclSpvKtRA3nA0K6TGhp7OvwzZLZaL1+Laoaa6NqsQ+qA\nQF/QeqFTrIPC/OXpataDrIFIthKbyRuBzxIsE/lt426duDupRGs7meR87wbPEPyZ\n/l6WoPa7d/bQTZDI0Fu9j3UE+RkVovW0LVEyrJCpnskGVkdQ4c0BMP8AZ3q8MQlU\nDQwjrLRGsFo+3aLk8gKdag+ASLSiPKjLc+nKfeWKyF6AK7+njtoHJZyKx6/aP+5X\nbO/XFxEms2uxAoIBACqr7hgoR8WwPOuEpjZGjGPvUqMeia+2qR/2Bx5NeVb2SO7q\nWJp6q0vtfR4zreRxNXnxtDN5ayhKR44WaxP6JuVIUDXIAHb1wTI4JSJiuYqNcoxm\nhJ/JckcqnbqTAK51dtlivrQIZMcLTrWo20/fvY/GAvGBtIhc/913pO/m04c49gzw\ntbZ5i7jTCS3Oiz7ZOFHuqT7QoOnGGF9DLL22s0Uw1tU1LRJU4pZehng5wzEnjACg\ntWC6BAKF1A0VNj3a8fVIrTxKQDQvH04Uk2QjUoUFrkqbHK1ppmMymvOwmtKx9Z40\nkDkKCO4tl3NYegxQZZZK5wBEdJhyFKNsjdya7rkCggEBAMTheLowdOIAc3y420ww\npn00eAT6lDKM+OSKph9CXFWwMc8tOoX7ZNbTbez5HpUXd4mbnPAE+DSnuw81sMcW\nQ5UuysE4BlfMip408fzP2/tw8Db0H34ol2utK891RfmIwCx7d1YMZAdglmhZxixs\nxPc6LeK2XWmpVZuaf74v5kQytV1V0LX8BmY1KaeX87O44/7va8X3xj5WokeXEwiZ\nApGAB5lXg2R+IfObDpYOyw1zy1R2mPkRAQ5S6oZefXYqq/l9n4Dm/xSegyk8IbFw\nJiQzANfCOOjruM/d8AIDq4Vd/eon9lLnkLluO45LaXK7ChdsNqzHFdp2Y7algkK/\nVVECggEAOO17VNei1bk03+VecTXj8I2TqP8snwDblxbMANqcgq63fasqBX6e2HPa\nJ0EAmQfs0QlUTXmwNALDUy/9XEpl+XQXq/BScLf9rTjZy9dUsxIrgNxpbALHd2qV\nX6F1z/BIc6KNfB+nfitORSTZ3OdSaKlyLK4rly+4+kB44i8Qluy9D6BiPjh5/MAz\npOV+OTFKLgiutxZpGm2nfxBo8f4pg4EDVZHAQwfl1D7tttcxHU22rUvYlZxmky7F\nQjUB88r/Ozc5nzUreH61vrPLtyHsKmcqJLv4whXzkUzxGm0B58K0yd0aO4O/ghmM\np6ni1Sr0D9djRnYF7ttS/MdxwGJqNA==\n-----END PRIVATE KEY-----\n",
            "public_key_fingerprint_md5": "7f:c6:8e:9c:de:a6:7e:e6:ca:84:81:ad:07:ad:80:75",
            "public_key_fingerprint_sha256": "SHA256:zI8XM4MaLAYCt7KuCHewDXx4p9TnMubY6iclkKn3ogk",
            "public_key_openssh": "ssh-rsa AAAAB3NzaC1yc2EAAAADAQABAAACAQDGDFz1IY4yySdE1dRqwEdtoQtFOUOZq1SXleECvXCKyZDlK7ZLm+4FDSlYy3Ime64eSSbtNqJDdtUfVqnmv/gwH5/r6JA1IOxZbMRPPVHcrdS/dEKpfgOSNbgog17Y/AVv7WUb4pGq0b553bbwhyVaqFKxWXvldkemDRUE0Tp74+lj1KuMZ1S9MNpdoGHDeyWBCBF//3PwqM5V4/Vw8o+lx89VZrqu6QFpzhlhYumyPfP47wMgJ00PU0S9tPTGSUTqO9msQuIga8JNVOdOfmOLkqyIWQIJIJgoZZXPsZHJDfqMVScPJqla5uBqoGEZSC5qOv1ZsOo1A8nhTWAZwEB9QWudBbHFrm1vEmI0NHzp5HKvZ5lVHYAQkT8pKG/zz1CN7WtT3Pk85rItVzmtHUPA0vJ0QipvYXgHhKMGBFJ+oJK83a2utIUprVeGaIx85W4PbGHQqq3EuRKg63vrYVwdUHOw6+S4Q6yXuopRusqKLZqzK0WycQjxG14DxotIEYhIe7xyAIqKNGzzyy9mvQXnvxFWvFq022zY8R6R79D17rQEf1MeytTgW/xSA7V6X7sNtsxxwbD2ne0EqH+QqBVkgR9dkT/sUFscK2nAWgrr/mSROdpQ5AqckrQRNmgwH5SWMpOjhtAoJn4utD5fmw3s1AHx2dF1S83br7tO8RfHiw==\n",
            "public_key_pem": "-----BEGIN PUBLIC KEY-----\nMIICIjANBgkqhkiG9w0BAQEFAAOCAg8AMIICCgKCAgEAxgxc9SGOMsknRNXUasBH\nbaELRTlDmatUl5XhAr1wismQ5Su2S5vuBQ0pWMtyJnuuHkkm7TaiQ3bVH1ap5r/4\nMB+f6+iQNSDsWWzETz1R3K3Uv3RCqX4DkjW4KINe2PwFb+1lG+KRqtG+ed228Icl\nWqhSsVl75XZHpg0VBNE6e+PpY9SrjGdUvTDaXaBhw3slgQgRf/9z8KjOVeP1cPKP\npcfPVWa6rukBac4ZYWLpsj3z+O8DICdND1NEvbT0xklE6jvZrELiIGvCTVTnTn5j\ni5KsiFkCCSCYKGWVz7GRyQ36jFUnDyapWubgaqBhGUguajr9WbDqNQPJ4U1gGcBA\nfUFrnQWxxa5tbxJiNDR86eRyr2eZVR2AEJE/KShv889Qje1rU9z5POayLVc5rR1D\nwNLydEIqb2F4B4SjBgRSfqCSvN2trrSFKa1XhmiMfOVuD2xh0KqtxLkSoOt762Fc\nHVBzsOvkuEOsl7qKUbrKii2asytFsnEI8RteA8aLSBGISHu8cgCKijRs88svZr0F\n578RVrxatNts2PEeke/Q9e60BH9THsrU4Fv8UgO1el+7DbbMccGw9p3tBKh/kKgV\nZIEfXZE/7FBbHCtpwFoK6/5kkTnaUOQKnJK0ETZoMB+UljKTo4bQKCZ+LrQ+X5sN\n7NQB8dnRdUvN26+7TvEXx4sCAwEAAQ==\n-----END PUBLIC KEY-----\n",
            "rsa_bits": 4096
          },
          "sensitive_attributes": []
        }
      ]
    }
  ],
  "check_results": null
}
