{
  "version": 4,
  "terraform_version": "1.6.6",
  "serial": 1,
  "lineage": "86304e50-3a24-fe27-7087-cb2a516d4ae0",
  "outputs": {},
  "resources": [
    {
      "mode": "managed",
      "type": "aws_vpc",
      "name": "rising-VPC",
      "provider": "provider[\"registry.terraform.io/hashicorp/aws\"]",
      "instances": [
        {
          "schema_version": 1,
          "attributes": {
            "arn": "arn:aws:ec2:us-east-2:194729441513:vpc/vpc-027ce50ee0649ac1f",
            "assign_generated_ipv6_cidr_block": false,
            "cidr_block": "10.5.0.0/16",
            "default_network_acl_id": "acl-0b194ddd17975c340",
            "default_route_table_id": "rtb-0249f838e7f26a907",
            "default_security_group_id": "sg-0f9ef8143934ebe58",
            "dhcp_options_id": "dopt-0772b700676ea6fcf",
            "enable_classiclink": false,
            "enable_classiclink_dns_support": false,
            "enable_dns_hostnames": true,
            "enable_dns_support": true,
            "id": "vpc-027ce50ee0649ac1f",
            "instance_tenancy": "default",
            "ipv4_ipam_pool_id": null,
            "ipv4_netmask_length": null,
            "ipv6_association_id": "",
            "ipv6_cidr_block": "",
            "ipv6_cidr_block_network_border_group": "",
            "ipv6_ipam_pool_id": "",
            "ipv6_netmask_length": 0,
            "main_route_table_id": "rtb-0249f838e7f26a907",
            "owner_id": "194729441513",
            "tags": null,
            "tags_all": {}
          },
          "sensitive_attributes": [],
          "private": "eyJzY2hlbWFfdmVyc2lvbiI6IjEifQ=="
        }
      ]
    }
  ],
  "check_results": null
}
