{
  "version": 4,
  "terraform_version": "1.6.6",
  "serial": 113,
  "lineage": "bf340a68-5a51-c4d3-0494-433c965858f0",
  "outputs": {
    "private_ip": {
      "value": [
        "10.5.11.158",
        "10.5.12.116"
      ],
      "type": [
        "tuple",
        [
          "string",
          "string"
        ]
      ]
    },
    "public_dns": {
      "value": [
        "ec2-3-17-159-123.us-east-2.compute.amazonaws.com",
        "ec2-13-59-65-192.us-east-2.compute.amazonaws.com"
      ],
      "type": [
        "tuple",
        [
          "string",
          "string"
        ]
      ]
    },
    "public_ip": {
      "value": [
        "3.17.159.123",
        "13.59.65.192"
      ],
      "type": [
        "tuple",
        [
          "string",
          "string"
        ]
      ]
    },
    "public_private_ip": {
      "value": [
        "10.5.1.62",
        "10.5.2.74"
      ],
      "type": [
        "tuple",
        [
          "string",
          "string"
        ]
      ]
    }
  },
  "resources": [
    {
      "mode": "managed",
      "type": "aws_instance",
      "name": "create_ec2_pri",
      "provider": "provider[\"registry.terraform.io/hashicorp/aws\"]",
      "instances": [
        {
          "index_key": 0,
          "schema_version": 1,
          "attributes": {
            "ami": "ami-0ee4f2271a4df2d7d",
            "arn": "arn:aws:ec2:us-east-2:194729441513:instance/i-09cdfc2977d5e11fd",
            "associate_public_ip_address": false,
            "availability_zone": "us-east-2a",
            "capacity_reservation_specification": [
              {
                "capacity_reservation_preference": "open",
                "capacity_reservation_target": []
              }
            ],
            "cpu_core_count": 1,
            "cpu_threads_per_core": 1,
            "credit_specification": [
              {
                "cpu_credits": "standard"
              }
            ],
            "disable_api_termination": false,
            "ebs_block_device": [],
            "ebs_optimized": false,
            "enclave_options": [
              {
                "enabled": false
              }
            ],
            "ephemeral_block_device": [],
            "get_password_data": false,
            "hibernation": false,
            "host_id": null,
            "iam_instance_profile": "",
            "id": "i-09cdfc2977d5e11fd",
            "instance_initiated_shutdown_behavior": "stop",
            "instance_state": "running",
            "instance_type": "t2.micro",
            "ipv6_address_count": 0,
            "ipv6_addresses": [],
            "key_name": "proper noun_key",
            "launch_template": [],
            "metadata_options": [
              {
                "http_endpoint": "enabled",
                "http_put_response_hop_limit": 2,
                "http_tokens": "required",
                "instance_metadata_tags": "disabled"
              }
            ],
            "monitoring": false,
            "network_interface": [],
            "outpost_arn": "",
            "password_data": "",
            "placement_group": "",
            "placement_partition_number": null,
            "primary_network_interface_id": "eni-0f2fffdb5f9e75ce5",
            "private_dns": "ip-10-5-11-158.us-east-2.compute.internal",
            "private_ip": "10.5.11.158",
            "public_dns": "",
            "public_ip": "",
            "root_block_device": [
              {
                "delete_on_termination": true,
                "device_name": "/dev/xvda",
                "encrypted": false,
                "iops": 3000,
                "kms_key_id": "",
                "tags": null,
                "throughput": 125,
                "volume_id": "vol-01a336daac7701667",
                "volume_size": 8,
                "volume_type": "gp3"
              }
            ],
            "secondary_private_ips": [],
            "security_groups": [
              "sg-0c32dd35d68cd26e1"
            ],
            "source_dest_check": true,
            "subnet_id": "subnet-019ec9a440e567525",
            "tags": {
              "Name": "proper noun_ec2_pri0"
            },
            "tags_all": {
              "Name": "proper noun_ec2_pri0"
            },
            "tenancy": "default",
            "timeouts": null,
            "user_data": null,
            "user_data_base64": null,
            "volume_tags": null,
            "vpc_security_group_ids": [
              "sg-0c32dd35d68cd26e1"
            ]
          },
          "sensitive_attributes": [],
          "private": "eyJlMmJmYjczMC1lY2FhLTExZTYtOGY4OC0zNDM2M2JjN2M0YzAiOnsiY3JlYXRlIjo2MDAwMDAwMDAwMDAsImRlbGV0ZSI6MTIwMDAwMDAwMDAwMCwidXBkYXRlIjo2MDAwMDAwMDAwMDB9LCJzY2hlbWFfdmVyc2lvbiI6IjEifQ==",
          "dependencies": [
            "aws_key_pair.create_make_keypair",
            "aws_security_group.create_pri_SG",
            "aws_subnet.create_pri_sub",
            "aws_vpc.create_vpc",
            "tls_private_key.create_make_key"
          ]
        },
        {
          "index_key": 1,
          "schema_version": 1,
          "attributes": {
            "ami": "ami-0ee4f2271a4df2d7d",
            "arn": "arn:aws:ec2:us-east-2:194729441513:instance/i-029237cd58e0ea4a4",
            "associate_public_ip_address": false,
            "availability_zone": "us-east-2c",
            "capacity_reservation_specification": [
              {
                "capacity_reservation_preference": "open",
                "capacity_reservation_target": []
              }
            ],
            "cpu_core_count": 1,
            "cpu_threads_per_core": 1,
            "credit_specification": [
              {
                "cpu_credits": "standard"
              }
            ],
            "disable_api_termination": false,
            "ebs_block_device": [],
            "ebs_optimized": false,
            "enclave_options": [
              {
                "enabled": false
              }
            ],
            "ephemeral_block_device": [],
            "get_password_data": false,
            "hibernation": false,
            "host_id": null,
            "iam_instance_profile": "",
            "id": "i-029237cd58e0ea4a4",
            "instance_initiated_shutdown_behavior": "stop",
            "instance_state": "running",
            "instance_type": "t2.micro",
            "ipv6_address_count": 0,
            "ipv6_addresses": [],
            "key_name": "proper noun_key",
            "launch_template": [],
            "metadata_options": [
              {
                "http_endpoint": "enabled",
                "http_put_response_hop_limit": 2,
                "http_tokens": "required",
                "instance_metadata_tags": "disabled"
              }
            ],
            "monitoring": false,
            "network_interface": [],
            "outpost_arn": "",
            "password_data": "",
            "placement_group": "",
            "placement_partition_number": null,
            "primary_network_interface_id": "eni-0b139000b3996092a",
            "private_dns": "ip-10-5-12-116.us-east-2.compute.internal",
            "private_ip": "10.5.12.116",
            "public_dns": "",
            "public_ip": "",
            "root_block_device": [
              {
                "delete_on_termination": true,
                "device_name": "/dev/xvda",
                "encrypted": false,
                "iops": 3000,
                "kms_key_id": "",
                "tags": null,
                "throughput": 125,
                "volume_id": "vol-0384686d14079d296",
                "volume_size": 8,
                "volume_type": "gp3"
              }
            ],
            "secondary_private_ips": [],
            "security_groups": [
              "sg-0c32dd35d68cd26e1"
            ],
            "source_dest_check": true,
            "subnet_id": "subnet-09c44e8bac7578ab8",
            "tags": {
              "Name": "proper noun_ec2_pri1"
            },
            "tags_all": {
              "Name": "proper noun_ec2_pri1"
            },
            "tenancy": "default",
            "timeouts": null,
            "user_data": null,
            "user_data_base64": null,
            "volume_tags": null,
            "vpc_security_group_ids": [
              "sg-0c32dd35d68cd26e1"
            ]
          },
          "sensitive_attributes": [],
          "private": "eyJlMmJmYjczMC1lY2FhLTExZTYtOGY4OC0zNDM2M2JjN2M0YzAiOnsiY3JlYXRlIjo2MDAwMDAwMDAwMDAsImRlbGV0ZSI6MTIwMDAwMDAwMDAwMCwidXBkYXRlIjo2MDAwMDAwMDAwMDB9LCJzY2hlbWFfdmVyc2lvbiI6IjEifQ==",
          "dependencies": [
            "aws_key_pair.create_make_keypair",
            "aws_security_group.create_pri_SG",
            "aws_subnet.create_pri_sub",
            "aws_vpc.create_vpc",
            "tls_private_key.create_make_key"
          ]
        }
      ]
    },
    {
      "mode": "managed",
      "type": "aws_instance",
      "name": "create_ec2_pub",
      "provider": "provider[\"registry.terraform.io/hashicorp/aws\"]",
      "instances": [
        {
          "index_key": 0,
          "schema_version": 1,
          "attributes": {
            "ami": "ami-0ee4f2271a4df2d7d",
            "arn": "arn:aws:ec2:us-east-2:194729441513:instance/i-0e4cf3e88dff7ce65",
            "associate_public_ip_address": true,
            "availability_zone": "us-east-2a",
            "capacity_reservation_specification": [
              {
                "capacity_reservation_preference": "open",
                "capacity_reservation_target": []
              }
            ],
            "cpu_core_count": 1,
            "cpu_threads_per_core": 1,
            "credit_specification": [
              {
                "cpu_credits": "standard"
              }
            ],
            "disable_api_termination": false,
            "ebs_block_device": [],
            "ebs_optimized": false,
            "enclave_options": [
              {
                "enabled": false
              }
            ],
            "ephemeral_block_device": [],
            "get_password_data": false,
            "hibernation": false,
            "host_id": null,
            "iam_instance_profile": "",
            "id": "i-0e4cf3e88dff7ce65",
            "instance_initiated_shutdown_behavior": "stop",
            "instance_state": "running",
            "instance_type": "t2.micro",
            "ipv6_address_count": 0,
            "ipv6_addresses": [],
            "key_name": "proper noun_key",
            "launch_template": [],
            "metadata_options": [
              {
                "http_endpoint": "enabled",
                "http_put_response_hop_limit": 2,
                "http_tokens": "required",
                "instance_metadata_tags": "disabled"
              }
            ],
            "monitoring": false,
            "network_interface": [],
            "outpost_arn": "",
            "password_data": "",
            "placement_group": "",
            "placement_partition_number": null,
            "primary_network_interface_id": "eni-079dc3d70bc788d75",
            "private_dns": "ip-10-5-1-62.us-east-2.compute.internal",
            "private_ip": "10.5.1.62",
            "public_dns": "ec2-3-17-159-123.us-east-2.compute.amazonaws.com",
            "public_ip": "3.17.159.123",
            "root_block_device": [
              {
                "delete_on_termination": true,
                "device_name": "/dev/xvda",
                "encrypted": false,
                "iops": 3000,
                "kms_key_id": "",
                "tags": null,
                "throughput": 125,
                "volume_id": "vol-06de90b7bc40411f0",
                "volume_size": 8,
                "volume_type": "gp3"
              }
            ],
            "secondary_private_ips": [],
            "security_groups": [
              "sg-0082ef7a08528ca32"
            ],
            "source_dest_check": true,
            "subnet_id": "subnet-02aa68115f4320b5e",
            "tags": {
              "Name": "proper noun_ec2_pub0"
            },
            "tags_all": {
              "Name": "proper noun_ec2_pub0"
            },
            "tenancy": "default",
            "timeouts": null,
            "user_data": "6d677cf81f5b7782fb10eeec87844a53c9b3a52c",
            "user_data_base64": null,
            "volume_tags": null,
            "vpc_security_group_ids": [
              "sg-0082ef7a08528ca32"
            ]
          },
          "sensitive_attributes": [],
          "private": "eyJlMmJmYjczMC1lY2FhLTExZTYtOGY4OC0zNDM2M2JjN2M0YzAiOnsiY3JlYXRlIjo2MDAwMDAwMDAwMDAsImRlbGV0ZSI6MTIwMDAwMDAwMDAwMCwidXBkYXRlIjo2MDAwMDAwMDAwMDB9LCJzY2hlbWFfdmVyc2lvbiI6IjEifQ==",
          "dependencies": [
            "aws_key_pair.create_make_keypair",
            "aws_security_group.create_pub_SG",
            "aws_subnet.create_pub_sub",
            "aws_vpc.create_vpc",
            "tls_private_key.create_make_key"
          ]
        },
        {
          "index_key": 1,
          "schema_version": 1,
          "attributes": {
            "ami": "ami-0ee4f2271a4df2d7d",
            "arn": "arn:aws:ec2:us-east-2:194729441513:instance/i-004f3942df76c2042",
            "associate_public_ip_address": true,
            "availability_zone": "us-east-2c",
            "capacity_reservation_specification": [
              {
                "capacity_reservation_preference": "open",
                "capacity_reservation_target": []
              }
            ],
            "cpu_core_count": 1,
            "cpu_threads_per_core": 1,
            "credit_specification": [
              {
                "cpu_credits": "standard"
              }
            ],
            "disable_api_termination": false,
            "ebs_block_device": [],
            "ebs_optimized": false,
            "enclave_options": [
              {
                "enabled": false
              }
            ],
            "ephemeral_block_device": [],
            "get_password_data": false,
            "hibernation": false,
            "host_id": null,
            "iam_instance_profile": "",
            "id": "i-004f3942df76c2042",
            "instance_initiated_shutdown_behavior": "stop",
            "instance_state": "running",
            "instance_type": "t2.micro",
            "ipv6_address_count": 0,
            "ipv6_addresses": [],
            "key_name": "proper noun_key",
            "launch_template": [],
            "metadata_options": [
              {
                "http_endpoint": "enabled",
                "http_put_response_hop_limit": 2,
                "http_tokens": "required",
                "instance_metadata_tags": "disabled"
              }
            ],
            "monitoring": false,
            "network_interface": [],
            "outpost_arn": "",
            "password_data": "",
            "placement_group": "",
            "placement_partition_number": null,
            "primary_network_interface_id": "eni-01761d6340c3c1366",
            "private_dns": "ip-10-5-2-74.us-east-2.compute.internal",
            "private_ip": "10.5.2.74",
            "public_dns": "ec2-13-59-65-192.us-east-2.compute.amazonaws.com",
            "public_ip": "13.59.65.192",
            "root_block_device": [
              {
                "delete_on_termination": true,
                "device_name": "/dev/xvda",
                "encrypted": false,
                "iops": 3000,
                "kms_key_id": "",
                "tags": null,
                "throughput": 125,
                "volume_id": "vol-0421a950b5b0924e3",
                "volume_size": 8,
                "volume_type": "gp3"
              }
            ],
            "secondary_private_ips": [],
            "security_groups": [
              "sg-0082ef7a08528ca32"
            ],
            "source_dest_check": true,
            "subnet_id": "subnet-0cceac296a0892893",
            "tags": {
              "Name": "proper noun_ec2_pub1"
            },
            "tags_all": {
              "Name": "proper noun_ec2_pub1"
            },
            "tenancy": "default",
            "timeouts": null,
            "user_data": "6d677cf81f5b7782fb10eeec87844a53c9b3a52c",
            "user_data_base64": null,
            "volume_tags": null,
            "vpc_security_group_ids": [
              "sg-0082ef7a08528ca32"
            ]
          },
          "sensitive_attributes": [],
          "private": "eyJlMmJmYjczMC1lY2FhLTExZTYtOGY4OC0zNDM2M2JjN2M0YzAiOnsiY3JlYXRlIjo2MDAwMDAwMDAwMDAsImRlbGV0ZSI6MTIwMDAwMDAwMDAwMCwidXBkYXRlIjo2MDAwMDAwMDAwMDB9LCJzY2hlbWFfdmVyc2lvbiI6IjEifQ==",
          "dependencies": [
            "aws_key_pair.create_make_keypair",
            "aws_security_group.create_pub_SG",
            "aws_subnet.create_pub_sub",
            "aws_vpc.create_vpc",
            "tls_private_key.create_make_key"
          ]
        }
      ]
    },
    {
      "mode": "managed",
      "type": "aws_internet_gateway",
      "name": "create_IGW",
      "provider": "provider[\"registry.terraform.io/hashicorp/aws\"]",
      "instances": [
        {
          "schema_version": 0,
          "attributes": {
            "arn": "arn:aws:ec2:us-east-2:194729441513:internet-gateway/igw-0b14709f64df4a770",
            "id": "igw-0b14709f64df4a770",
            "owner_id": "194729441513",
            "tags": {
              "Name": "proper noun_IGW"
            },
            "tags_all": {
              "Name": "proper noun_IGW"
            },
            "vpc_id": "vpc-04c8faae5ee67b806"
          },
          "sensitive_attributes": [],
          "private": "bnVsbA==",
          "dependencies": [
            "aws_vpc.create_vpc"
          ]
        }
      ]
    },
    {
      "mode": "managed",
      "type": "aws_key_pair",
      "name": "create_make_keypair",
      "provider": "provider[\"registry.terraform.io/hashicorp/aws\"]",
      "instances": [
        {
          "schema_version": 1,
          "attributes": {
            "arn": "arn:aws:ec2:us-east-2:194729441513:key-pair/proper noun_key",
            "fingerprint": "7e:e0:44:1d:c0:dd:cc:d9:43:cd:c6:dd:d4:c4:a5:ce",
            "id": "proper noun_key",
            "key_name": "proper noun_key",
            "key_name_prefix": "",
            "key_pair_id": "key-02024b1175fd8a17b",
            "public_key": "ssh-rsa AAAAB3NzaC1yc2EAAAADAQABAAACAQDbZXsarKacs8lFBz4Be99gK0GqRVg5alYP7fV2LzkxjWDx3jLQR2PWhYSaoh80nPGByWLkXfC7bkx2orZeS1FMd6vKXAdmmqHiWgw2gRLhppJ+M56tTJaOaBc7LtbO3BJe81oOv5f6oyuDO93Uf7JSUTIVtPOyORf4kSYcvhQ9OTe+y/IdIzLKJA5NbB31CMf91KHTGiZdPmE+J+UMHFFOB1OmNeTitXPIpwYxsuVtUy8yBQZ/3nFxEeaoYn6vLNjB6hhz0AG8yDFir/ba1LAzPRSl85SoL3O/ZM7iDr+hYRLzg07dO3sJF8BLqWf704F/JSuBsF6jJNe84mrmOOAKpx2y1SW0Md8mOXTbmsgWv68HZB+iOaG0VbNmtVoni99kqJUh8cBtVADZmqL1VQC5LK9g316hAy5komrcu4FZR9EmsFRl5Zu/JMsnYYCSU9jp8Jwh1zUtW0POt+ylxAvjkPmTHYdAnZ3cy89A9XUMBNjQFZfue8UUYwKitGvFFSYkHiKDke7ZrprfH4ywiQPJff4OkAc1sqZur2aepdriDHsfujw86OJSZAseuWTvZEL7EDGCh0+efGTGqWeiQ5CRLT6xR6IQQAfZIQT2g/bTDkU0nX62SXDZU/mOq8aP8qboeB514HfI9lK9Q+q+GBN7jyWoXeqmt1bEvmj3O10maw==",
            "tags": {},
            "tags_all": {}
          },
          "sensitive_attributes": [],
          "private": "eyJzY2hlbWFfdmVyc2lvbiI6IjEifQ==",
          "dependencies": [
            "tls_private_key.create_make_key"
          ]
        }
      ]
    },
    {
      "mode": "managed",
      "type": "aws_route_table",
      "name": "create_pri_Route",
      "provider": "provider[\"registry.terraform.io/hashicorp/aws\"]",
      "instances": [
        {
          "schema_version": 0,
          "attributes": {
            "arn": "arn:aws:ec2:us-east-2:194729441513:route-table/rtb-0544d2ecba6ae9166",
            "id": "rtb-0544d2ecba6ae9166",
            "owner_id": "194729441513",
            "propagating_vgws": [],
            "route": [],
            "tags": {
              "Name": "proper noun-private-route"
            },
            "tags_all": {
              "Name": "proper noun-private-route"
            },
            "timeouts": null,
            "vpc_id": "vpc-04c8faae5ee67b806"
          },
          "sensitive_attributes": [],
          "private": "eyJlMmJmYjczMC1lY2FhLTExZTYtOGY4OC0zNDM2M2JjN2M0YzAiOnsiY3JlYXRlIjozMDAwMDAwMDAwMDAsImRlbGV0ZSI6MzAwMDAwMDAwMDAwLCJ1cGRhdGUiOjEyMDAwMDAwMDAwMH19",
          "dependencies": [
            "aws_vpc.create_vpc"
          ]
        }
      ]
    },
    {
      "mode": "managed",
      "type": "aws_route_table",
      "name": "create_pub_Route",
      "provider": "provider[\"registry.terraform.io/hashicorp/aws\"]",
      "instances": [
        {
          "schema_version": 0,
          "attributes": {
            "arn": "arn:aws:ec2:us-east-2:194729441513:route-table/rtb-0d34002f4cca3bf9b",
            "id": "rtb-0d34002f4cca3bf9b",
            "owner_id": "194729441513",
            "propagating_vgws": [],
            "route": [
              {
                "carrier_gateway_id": "",
                "cidr_block": "0.0.0.0/0",
                "destination_prefix_list_id": "",
                "egress_only_gateway_id": "",
                "gateway_id": "igw-0b14709f64df4a770",
                "instance_id": "",
                "ipv6_cidr_block": "",
                "local_gateway_id": "",
                "nat_gateway_id": "",
                "network_interface_id": "",
                "transit_gateway_id": "",
                "vpc_endpoint_id": "",
                "vpc_peering_connection_id": ""
              }
            ],
            "tags": {
              "Name": "proper noun_public_route"
            },
            "tags_all": {
              "Name": "proper noun_public_route"
            },
            "timeouts": null,
            "vpc_id": "vpc-04c8faae5ee67b806"
          },
          "sensitive_attributes": [],
          "private": "eyJlMmJmYjczMC1lY2FhLTExZTYtOGY4OC0zNDM2M2JjN2M0YzAiOnsiY3JlYXRlIjozMDAwMDAwMDAwMDAsImRlbGV0ZSI6MzAwMDAwMDAwMDAwLCJ1cGRhdGUiOjEyMDAwMDAwMDAwMH19",
          "dependencies": [
            "aws_internet_gateway.create_IGW",
            "aws_vpc.create_vpc"
          ]
        }
      ]
    },
    {
      "mode": "managed",
      "type": "aws_route_table_association",
      "name": "create_pri_RTAssociation",
      "provider": "provider[\"registry.terraform.io/hashicorp/aws\"]",
      "instances": [
        {
          "index_key": 0,
          "schema_version": 0,
          "attributes": {
            "gateway_id": "",
            "id": "rtbassoc-01e1fb66c424dd164",
            "route_table_id": "rtb-0544d2ecba6ae9166",
            "subnet_id": "subnet-019ec9a440e567525"
          },
          "sensitive_attributes": [],
          "private": "bnVsbA==",
          "dependencies": [
            "aws_route_table.create_pri_Route",
            "aws_subnet.create_pri_sub",
            "aws_vpc.create_vpc"
          ]
        },
        {
          "index_key": 1,
          "schema_version": 0,
          "attributes": {
            "gateway_id": "",
            "id": "rtbassoc-0726812d148fdb3cd",
            "route_table_id": "rtb-0544d2ecba6ae9166",
            "subnet_id": "subnet-09c44e8bac7578ab8"
          },
          "sensitive_attributes": [],
          "private": "bnVsbA==",
          "dependencies": [
            "aws_route_table.create_pri_Route",
            "aws_subnet.create_pri_sub",
            "aws_vpc.create_vpc"
          ]
        },
        {
          "index_key": 2,
          "schema_version": 0,
          "attributes": {
            "gateway_id": "",
            "id": "rtbassoc-01e1fb66c424dd164",
            "route_table_id": "rtb-0544d2ecba6ae9166",
            "subnet_id": "subnet-019ec9a440e567525"
          },
          "sensitive_attributes": [],
          "private": "bnVsbA==",
          "dependencies": [
            "aws_route_table.create_pri_Route",
            "aws_subnet.create_pri_sub",
            "aws_vpc.create_vpc"
          ]
        },
        {
          "index_key": 3,
          "schema_version": 0,
          "attributes": {
            "gateway_id": "",
            "id": "rtbassoc-0726812d148fdb3cd",
            "route_table_id": "rtb-0544d2ecba6ae9166",
            "subnet_id": "subnet-09c44e8bac7578ab8"
          },
          "sensitive_attributes": [],
          "private": "bnVsbA==",
          "dependencies": [
            "aws_route_table.create_pri_Route",
            "aws_subnet.create_pri_sub",
            "aws_vpc.create_vpc"
          ]
        },
        {
          "index_key": 4,
          "schema_version": 0,
          "attributes": {
            "gateway_id": "",
            "id": "rtbassoc-01e1fb66c424dd164",
            "route_table_id": "rtb-0544d2ecba6ae9166",
            "subnet_id": "subnet-019ec9a440e567525"
          },
          "sensitive_attributes": [],
          "private": "bnVsbA==",
          "dependencies": [
            "aws_route_table.create_pri_Route",
            "aws_subnet.create_pri_sub",
            "aws_vpc.create_vpc"
          ]
        },
        {
          "index_key": 5,
          "schema_version": 0,
          "attributes": {
            "gateway_id": "",
            "id": "rtbassoc-0726812d148fdb3cd",
            "route_table_id": "rtb-0544d2ecba6ae9166",
            "subnet_id": "subnet-09c44e8bac7578ab8"
          },
          "sensitive_attributes": [],
          "private": "bnVsbA==",
          "dependencies": [
            "aws_route_table.create_pri_Route",
            "aws_subnet.create_pri_sub",
            "aws_vpc.create_vpc"
          ]
        },
        {
          "index_key": 6,
          "schema_version": 0,
          "attributes": {
            "gateway_id": "",
            "id": "rtbassoc-01e1fb66c424dd164",
            "route_table_id": "rtb-0544d2ecba6ae9166",
            "subnet_id": "subnet-019ec9a440e567525"
          },
          "sensitive_attributes": [],
          "private": "bnVsbA==",
          "dependencies": [
            "aws_route_table.create_pri_Route",
            "aws_subnet.create_pri_sub",
            "aws_vpc.create_vpc"
          ]
        },
        {
          "index_key": 7,
          "schema_version": 0,
          "attributes": {
            "gateway_id": "",
            "id": "rtbassoc-0726812d148fdb3cd",
            "route_table_id": "rtb-0544d2ecba6ae9166",
            "subnet_id": "subnet-09c44e8bac7578ab8"
          },
          "sensitive_attributes": [],
          "private": "bnVsbA==",
          "dependencies": [
            "aws_route_table.create_pri_Route",
            "aws_subnet.create_pri_sub",
            "aws_vpc.create_vpc"
          ]
        },
        {
          "index_key": 8,
          "schema_version": 0,
          "attributes": {
            "gateway_id": "",
            "id": "rtbassoc-01e1fb66c424dd164",
            "route_table_id": "rtb-0544d2ecba6ae9166",
            "subnet_id": "subnet-019ec9a440e567525"
          },
          "sensitive_attributes": [],
          "private": "bnVsbA==",
          "dependencies": [
            "aws_route_table.create_pri_Route",
            "aws_subnet.create_pri_sub",
            "aws_vpc.create_vpc"
          ]
        }
      ]
    },
    {
      "mode": "managed",
      "type": "aws_route_table_association",
      "name": "create_pub_RTAssociation",
      "provider": "provider[\"registry.terraform.io/hashicorp/aws\"]",
      "instances": [
        {
          "index_key": 0,
          "schema_version": 0,
          "attributes": {
            "gateway_id": "",
            "id": "rtbassoc-0520c328d438ab6cd",
            "route_table_id": "rtb-0d34002f4cca3bf9b",
            "subnet_id": "subnet-02aa68115f4320b5e"
          },
          "sensitive_attributes": [],
          "private": "bnVsbA==",
          "dependencies": [
            "aws_internet_gateway.create_IGW",
            "aws_route_table.create_pub_Route",
            "aws_subnet.create_pub_sub",
            "aws_vpc.create_vpc"
          ]
        },
        {
          "index_key": 1,
          "schema_version": 0,
          "attributes": {
            "gateway_id": "",
            "id": "rtbassoc-0d2bd63f6a1ebef11",
            "route_table_id": "rtb-0d34002f4cca3bf9b",
            "subnet_id": "subnet-0cceac296a0892893"
          },
          "sensitive_attributes": [],
          "private": "bnVsbA==",
          "dependencies": [
            "aws_internet_gateway.create_IGW",
            "aws_route_table.create_pub_Route",
            "aws_subnet.create_pub_sub",
            "aws_vpc.create_vpc"
          ]
        },
        {
          "index_key": 2,
          "schema_version": 0,
          "attributes": {
            "gateway_id": "",
            "id": "rtbassoc-0520c328d438ab6cd",
            "route_table_id": "rtb-0d34002f4cca3bf9b",
            "subnet_id": "subnet-02aa68115f4320b5e"
          },
          "sensitive_attributes": [],
          "private": "bnVsbA==",
          "dependencies": [
            "aws_internet_gateway.create_IGW",
            "aws_route_table.create_pub_Route",
            "aws_subnet.create_pub_sub",
            "aws_vpc.create_vpc"
          ]
        },
        {
          "index_key": 3,
          "schema_version": 0,
          "attributes": {
            "gateway_id": "",
            "id": "rtbassoc-0d2bd63f6a1ebef11",
            "route_table_id": "rtb-0d34002f4cca3bf9b",
            "subnet_id": "subnet-0cceac296a0892893"
          },
          "sensitive_attributes": [],
          "private": "bnVsbA==",
          "dependencies": [
            "aws_internet_gateway.create_IGW",
            "aws_route_table.create_pub_Route",
            "aws_subnet.create_pub_sub",
            "aws_vpc.create_vpc"
          ]
        },
        {
          "index_key": 4,
          "schema_version": 0,
          "attributes": {
            "gateway_id": "",
            "id": "rtbassoc-0520c328d438ab6cd",
            "route_table_id": "rtb-0d34002f4cca3bf9b",
            "subnet_id": "subnet-02aa68115f4320b5e"
          },
          "sensitive_attributes": [],
          "private": "bnVsbA==",
          "dependencies": [
            "aws_internet_gateway.create_IGW",
            "aws_route_table.create_pub_Route",
            "aws_subnet.create_pub_sub",
            "aws_vpc.create_vpc"
          ]
        },
        {
          "index_key": 5,
          "schema_version": 0,
          "attributes": {
            "gateway_id": "",
            "id": "rtbassoc-0d2bd63f6a1ebef11",
            "route_table_id": "rtb-0d34002f4cca3bf9b",
            "subnet_id": "subnet-0cceac296a0892893"
          },
          "sensitive_attributes": [],
          "private": "bnVsbA==",
          "dependencies": [
            "aws_internet_gateway.create_IGW",
            "aws_route_table.create_pub_Route",
            "aws_subnet.create_pub_sub",
            "aws_vpc.create_vpc"
          ]
        },
        {
          "index_key": 6,
          "schema_version": 0,
          "attributes": {
            "gateway_id": "",
            "id": "rtbassoc-0520c328d438ab6cd",
            "route_table_id": "rtb-0d34002f4cca3bf9b",
            "subnet_id": "subnet-02aa68115f4320b5e"
          },
          "sensitive_attributes": [],
          "private": "bnVsbA==",
          "dependencies": [
            "aws_internet_gateway.create_IGW",
            "aws_route_table.create_pub_Route",
            "aws_subnet.create_pub_sub",
            "aws_vpc.create_vpc"
          ]
        },
        {
          "index_key": 7,
          "schema_version": 0,
          "attributes": {
            "gateway_id": "",
            "id": "rtbassoc-0d2bd63f6a1ebef11",
            "route_table_id": "rtb-0d34002f4cca3bf9b",
            "subnet_id": "subnet-0cceac296a0892893"
          },
          "sensitive_attributes": [],
          "private": "bnVsbA==",
          "dependencies": [
            "aws_internet_gateway.create_IGW",
            "aws_route_table.create_pub_Route",
            "aws_subnet.create_pub_sub",
            "aws_vpc.create_vpc"
          ]
        },
        {
          "index_key": 8,
          "schema_version": 0,
          "attributes": {
            "gateway_id": "",
            "id": "rtbassoc-0520c328d438ab6cd",
            "route_table_id": "rtb-0d34002f4cca3bf9b",
            "subnet_id": "subnet-02aa68115f4320b5e"
          },
          "sensitive_attributes": [],
          "private": "bnVsbA==",
          "dependencies": [
            "aws_internet_gateway.create_IGW",
            "aws_route_table.create_pub_Route",
            "aws_subnet.create_pub_sub",
            "aws_vpc.create_vpc"
          ]
        }
      ]
    },
    {
      "mode": "managed",
      "type": "aws_security_group",
      "name": "create_pri_SG",
      "provider": "provider[\"registry.terraform.io/hashicorp/aws\"]",
      "instances": [
        {
          "schema_version": 1,
          "attributes": {
            "arn": "arn:aws:ec2:us-east-2:194729441513:security-group/sg-0c32dd35d68cd26e1",
            "description": "proper noun_pri_SG",
            "egress": [
              {
                "cidr_blocks": [],
                "description": "",
                "from_port": 3306,
                "ipv6_cidr_blocks": [],
                "prefix_list_ids": [],
                "protocol": "tcp",
                "security_groups": [
                  "sg-0082ef7a08528ca32"
                ],
                "self": false,
                "to_port": 3306
              }
            ],
            "id": "sg-0c32dd35d68cd26e1",
            "ingress": [
              {
                "cidr_blocks": [],
                "description": "",
                "from_port": 3306,
                "ipv6_cidr_blocks": [],
                "prefix_list_ids": [],
                "protocol": "tcp",
                "security_groups": [
                  "sg-0082ef7a08528ca32"
                ],
                "self": false,
                "to_port": 3306
              }
            ],
            "name": "proper noun_pri_SG",
            "name_prefix": "",
            "owner_id": "194729441513",
            "revoke_rules_on_delete": false,
            "tags": {
              "Name": "proper noun_pri_SG"
            },
            "tags_all": {
              "Name": "proper noun_pri_SG"
            },
            "timeouts": null,
            "vpc_id": "vpc-04c8faae5ee67b806"
          },
          "sensitive_attributes": [],
          "private": "eyJlMmJmYjczMC1lY2FhLTExZTYtOGY4OC0zNDM2M2JjN2M0YzAiOnsiY3JlYXRlIjo2MDAwMDAwMDAwMDAsImRlbGV0ZSI6OTAwMDAwMDAwMDAwfSwic2NoZW1hX3ZlcnNpb24iOiIxIn0=",
          "dependencies": [
            "aws_vpc.create_vpc"
          ],
          "create_before_destroy": true
        }
      ]
    },
    {
      "mode": "managed",
      "type": "aws_security_group",
      "name": "create_pub_SG",
      "provider": "provider[\"registry.terraform.io/hashicorp/aws\"]",
      "instances": [
        {
          "schema_version": 1,
          "attributes": {
            "arn": "arn:aws:ec2:us-east-2:194729441513:security-group/sg-0082ef7a08528ca32",
            "description": "proper noun_pub_SG",
            "egress": [
              {
                "cidr_blocks": [
                  "0.0.0.0/0"
                ],
                "description": "",
                "from_port": 0,
                "ipv6_cidr_blocks": [],
                "prefix_list_ids": [],
                "protocol": "-1",
                "security_groups": [],
                "self": false,
                "to_port": 0
              }
            ],
            "id": "sg-0082ef7a08528ca32",
            "ingress": [
              {
                "cidr_blocks": [
                  "0.0.0.0/0"
                ],
                "description": "",
                "from_port": 22,
                "ipv6_cidr_blocks": [],
                "prefix_list_ids": [],
                "protocol": "tcp",
                "security_groups": [],
                "self": false,
                "to_port": 22
              },
              {
                "cidr_blocks": [
                  "0.0.0.0/0"
                ],
                "description": "",
                "from_port": 80,
                "ipv6_cidr_blocks": [],
                "prefix_list_ids": [],
                "protocol": "tcp",
                "security_groups": [],
                "self": false,
                "to_port": 80
              }
            ],
            "name": "create_pub_SG",
            "name_prefix": "",
            "owner_id": "194729441513",
            "revoke_rules_on_delete": false,
            "tags": {
              "Name": "proper noun_pub_SG"
            },
            "tags_all": {
              "Name": "proper noun_pub_SG"
            },
            "timeouts": null,
            "vpc_id": "vpc-04c8faae5ee67b806"
          },
          "sensitive_attributes": [],
          "private": "eyJlMmJmYjczMC1lY2FhLTExZTYtOGY4OC0zNDM2M2JjN2M0YzAiOnsiY3JlYXRlIjo2MDAwMDAwMDAwMDAsImRlbGV0ZSI6OTAwMDAwMDAwMDAwfSwic2NoZW1hX3ZlcnNpb24iOiIxIn0=",
          "dependencies": [
            "aws_vpc.create_vpc"
          ],
          "create_before_destroy": true
        }
      ]
    },
    {
      "mode": "managed",
      "type": "aws_security_group_rule",
      "name": "create_pri_SGRulesRDSegress",
      "provider": "provider[\"registry.terraform.io/hashicorp/aws\"]",
      "instances": [
        {
          "schema_version": 2,
          "attributes": {
            "cidr_blocks": [],
            "description": "",
            "from_port": 3306,
            "id": "sgrule-2789928107",
            "ipv6_cidr_blocks": [],
            "prefix_list_ids": [],
            "protocol": "tcp",
            "security_group_id": "sg-0c32dd35d68cd26e1",
            "self": false,
            "source_security_group_id": "sg-0082ef7a08528ca32",
            "to_port": 3306,
            "type": "egress"
          },
          "sensitive_attributes": [],
          "private": "eyJzY2hlbWFfdmVyc2lvbiI6IjIifQ==",
          "dependencies": [
            "aws_security_group.create_pri_SG",
            "aws_security_group.create_pub_SG",
            "aws_vpc.create_vpc"
          ],
          "create_before_destroy": true
        }
      ]
    },
    {
      "mode": "managed",
      "type": "aws_security_group_rule",
      "name": "create_pri_SGRulesRDSingress",
      "provider": "provider[\"registry.terraform.io/hashicorp/aws\"]",
      "instances": [
        {
          "schema_version": 2,
          "attributes": {
            "cidr_blocks": [],
            "description": "",
            "from_port": 3306,
            "id": "sgrule-496839981",
            "ipv6_cidr_blocks": [],
            "prefix_list_ids": [],
            "protocol": "tcp",
            "security_group_id": "sg-0c32dd35d68cd26e1",
            "self": false,
            "source_security_group_id": "sg-0082ef7a08528ca32",
            "to_port": 3306,
            "type": "ingress"
          },
          "sensitive_attributes": [],
          "private": "eyJzY2hlbWFfdmVyc2lvbiI6IjIifQ==",
          "dependencies": [
            "aws_security_group.create_pri_SG",
            "aws_security_group.create_pub_SG",
            "aws_vpc.create_vpc"
          ],
          "create_before_destroy": true
        }
      ]
    },
    {
      "mode": "managed",
      "type": "aws_security_group_rule",
      "name": "create_pub_SGRulesALLegress",
      "provider": "provider[\"registry.terraform.io/hashicorp/aws\"]",
      "instances": [
        {
          "schema_version": 2,
          "attributes": {
            "cidr_blocks": [
              "0.0.0.0/0"
            ],
            "description": "",
            "from_port": 0,
            "id": "sgrule-3288237919",
            "ipv6_cidr_blocks": [],
            "prefix_list_ids": [],
            "protocol": "-1",
            "security_group_id": "sg-0082ef7a08528ca32",
            "self": false,
            "source_security_group_id": null,
            "to_port": 0,
            "type": "egress"
          },
          "sensitive_attributes": [],
          "private": "eyJzY2hlbWFfdmVyc2lvbiI6IjIifQ==",
          "dependencies": [
            "aws_security_group.create_pub_SG",
            "aws_vpc.create_vpc"
          ],
          "create_before_destroy": true
        }
      ]
    },
    {
      "mode": "managed",
      "type": "aws_security_group_rule",
      "name": "create_pub_SGRulesHTTPingress",
      "provider": "provider[\"registry.terraform.io/hashicorp/aws\"]",
      "instances": [
        {
          "schema_version": 2,
          "attributes": {
            "cidr_blocks": [
              "0.0.0.0/0"
            ],
            "description": "",
            "from_port": 80,
            "id": "sgrule-3143211855",
            "ipv6_cidr_blocks": [],
            "prefix_list_ids": [],
            "protocol": "tcp",
            "security_group_id": "sg-0082ef7a08528ca32",
            "self": false,
            "source_security_group_id": null,
            "to_port": 80,
            "type": "ingress"
          },
          "sensitive_attributes": [],
          "private": "eyJzY2hlbWFfdmVyc2lvbiI6IjIifQ==",
          "dependencies": [
            "aws_security_group.create_pub_SG",
            "aws_vpc.create_vpc"
          ],
          "create_before_destroy": true
        }
      ]
    },
    {
      "mode": "managed",
      "type": "aws_security_group_rule",
      "name": "create_pub_SGRulesSSHingress",
      "provider": "provider[\"registry.terraform.io/hashicorp/aws\"]",
      "instances": [
        {
          "schema_version": 2,
          "attributes": {
            "cidr_blocks": [
              "0.0.0.0/0"
            ],
            "description": "",
            "from_port": 22,
            "id": "sgrule-231982842",
            "ipv6_cidr_blocks": [],
            "prefix_list_ids": [],
            "protocol": "tcp",
            "security_group_id": "sg-0082ef7a08528ca32",
            "self": false,
            "source_security_group_id": null,
            "to_port": 22,
            "type": "ingress"
          },
          "sensitive_attributes": [],
          "private": "eyJzY2hlbWFfdmVyc2lvbiI6IjIifQ==",
          "dependencies": [
            "aws_security_group.create_pub_SG",
            "aws_vpc.create_vpc"
          ],
          "create_before_destroy": true
        }
      ]
    },
    {
      "mode": "managed",
      "type": "aws_subnet",
      "name": "create_pri_sub",
      "provider": "provider[\"registry.terraform.io/hashicorp/aws\"]",
      "instances": [
        {
          "index_key": 0,
          "schema_version": 1,
          "attributes": {
            "arn": "arn:aws:ec2:us-east-2:194729441513:subnet/subnet-019ec9a440e567525",
            "assign_ipv6_address_on_creation": false,
            "availability_zone": "us-east-2a",
            "availability_zone_id": "use2-az1",
            "cidr_block": "10.5.11.0/24",
            "customer_owned_ipv4_pool": "",
            "enable_dns64": false,
            "enable_resource_name_dns_a_record_on_launch": false,
            "enable_resource_name_dns_aaaa_record_on_launch": false,
            "id": "subnet-019ec9a440e567525",
            "ipv6_cidr_block": "",
            "ipv6_cidr_block_association_id": "",
            "ipv6_native": false,
            "map_customer_owned_ip_on_launch": false,
            "map_public_ip_on_launch": false,
            "outpost_arn": "",
            "owner_id": "194729441513",
            "private_dns_hostname_type_on_launch": "ip-name",
            "tags": {
              "Name": "proper noun-private-subnet-1"
            },
            "tags_all": {
              "Name": "proper noun-private-subnet-1"
            },
            "timeouts": null,
            "vpc_id": "vpc-04c8faae5ee67b806"
          },
          "sensitive_attributes": [],
          "private": "eyJlMmJmYjczMC1lY2FhLTExZTYtOGY4OC0zNDM2M2JjN2M0YzAiOnsiY3JlYXRlIjo2MDAwMDAwMDAwMDAsImRlbGV0ZSI6MTIwMDAwMDAwMDAwMH0sInNjaGVtYV92ZXJzaW9uIjoiMSJ9",
          "dependencies": [
            "aws_vpc.create_vpc"
          ]
        },
        {
          "index_key": 1,
          "schema_version": 1,
          "attributes": {
            "arn": "arn:aws:ec2:us-east-2:194729441513:subnet/subnet-09c44e8bac7578ab8",
            "assign_ipv6_address_on_creation": false,
            "availability_zone": "us-east-2c",
            "availability_zone_id": "use2-az3",
            "cidr_block": "10.5.12.0/24",
            "customer_owned_ipv4_pool": "",
            "enable_dns64": false,
            "enable_resource_name_dns_a_record_on_launch": false,
            "enable_resource_name_dns_aaaa_record_on_launch": false,
            "id": "subnet-09c44e8bac7578ab8",
            "ipv6_cidr_block": "",
            "ipv6_cidr_block_association_id": "",
            "ipv6_native": false,
            "map_customer_owned_ip_on_launch": false,
            "map_public_ip_on_launch": false,
            "outpost_arn": "",
            "owner_id": "194729441513",
            "private_dns_hostname_type_on_launch": "ip-name",
            "tags": {
              "Name": "proper noun-private-subnet-2"
            },
            "tags_all": {
              "Name": "proper noun-private-subnet-2"
            },
            "timeouts": null,
            "vpc_id": "vpc-04c8faae5ee67b806"
          },
          "sensitive_attributes": [],
          "private": "eyJlMmJmYjczMC1lY2FhLTExZTYtOGY4OC0zNDM2M2JjN2M0YzAiOnsiY3JlYXRlIjo2MDAwMDAwMDAwMDAsImRlbGV0ZSI6MTIwMDAwMDAwMDAwMH0sInNjaGVtYV92ZXJzaW9uIjoiMSJ9",
          "dependencies": [
            "aws_vpc.create_vpc"
          ]
        }
      ]
    },
    {
      "mode": "managed",
      "type": "aws_subnet",
      "name": "create_pub_sub",
      "provider": "provider[\"registry.terraform.io/hashicorp/aws\"]",
      "instances": [
        {
          "index_key": 0,
          "schema_version": 1,
          "attributes": {
            "arn": "arn:aws:ec2:us-east-2:194729441513:subnet/subnet-02aa68115f4320b5e",
            "assign_ipv6_address_on_creation": false,
            "availability_zone": "us-east-2a",
            "availability_zone_id": "use2-az1",
            "cidr_block": "10.5.1.0/24",
            "customer_owned_ipv4_pool": "",
            "enable_dns64": false,
            "enable_resource_name_dns_a_record_on_launch": false,
            "enable_resource_name_dns_aaaa_record_on_launch": false,
            "id": "subnet-02aa68115f4320b5e",
            "ipv6_cidr_block": "",
            "ipv6_cidr_block_association_id": "",
            "ipv6_native": false,
            "map_customer_owned_ip_on_launch": false,
            "map_public_ip_on_launch": true,
            "outpost_arn": "",
            "owner_id": "194729441513",
            "private_dns_hostname_type_on_launch": "ip-name",
            "tags": {
              "Name": "proper noun-public-subnet-1"
            },
            "tags_all": {
              "Name": "proper noun-public-subnet-1"
            },
            "timeouts": null,
            "vpc_id": "vpc-04c8faae5ee67b806"
          },
          "sensitive_attributes": [],
          "private": "eyJlMmJmYjczMC1lY2FhLTExZTYtOGY4OC0zNDM2M2JjN2M0YzAiOnsiY3JlYXRlIjo2MDAwMDAwMDAwMDAsImRlbGV0ZSI6MTIwMDAwMDAwMDAwMH0sInNjaGVtYV92ZXJzaW9uIjoiMSJ9",
          "dependencies": [
            "aws_vpc.create_vpc"
          ]
        },
        {
          "index_key": 1,
          "schema_version": 1,
          "attributes": {
            "arn": "arn:aws:ec2:us-east-2:194729441513:subnet/subnet-0cceac296a0892893",
            "assign_ipv6_address_on_creation": false,
            "availability_zone": "us-east-2c",
            "availability_zone_id": "use2-az3",
            "cidr_block": "10.5.2.0/24",
            "customer_owned_ipv4_pool": "",
            "enable_dns64": false,
            "enable_resource_name_dns_a_record_on_launch": false,
            "enable_resource_name_dns_aaaa_record_on_launch": false,
            "id": "subnet-0cceac296a0892893",
            "ipv6_cidr_block": "",
            "ipv6_cidr_block_association_id": "",
            "ipv6_native": false,
            "map_customer_owned_ip_on_launch": false,
            "map_public_ip_on_launch": true,
            "outpost_arn": "",
            "owner_id": "194729441513",
            "private_dns_hostname_type_on_launch": "ip-name",
            "tags": {
              "Name": "proper noun-public-subnet-2"
            },
            "tags_all": {
              "Name": "proper noun-public-subnet-2"
            },
            "timeouts": null,
            "vpc_id": "vpc-04c8faae5ee67b806"
          },
          "sensitive_attributes": [],
          "private": "eyJlMmJmYjczMC1lY2FhLTExZTYtOGY4OC0zNDM2M2JjN2M0YzAiOnsiY3JlYXRlIjo2MDAwMDAwMDAwMDAsImRlbGV0ZSI6MTIwMDAwMDAwMDAwMH0sInNjaGVtYV92ZXJzaW9uIjoiMSJ9",
          "dependencies": [
            "aws_vpc.create_vpc"
          ]
        }
      ]
    },
    {
      "mode": "managed",
      "type": "aws_vpc",
      "name": "create_vpc",
      "provider": "provider[\"registry.terraform.io/hashicorp/aws\"]",
      "instances": [
        {
          "schema_version": 1,
          "attributes": {
            "arn": "arn:aws:ec2:us-east-2:194729441513:vpc/vpc-04c8faae5ee67b806",
            "assign_generated_ipv6_cidr_block": false,
            "cidr_block": "10.5.0.0/16",
            "default_network_acl_id": "acl-042e3004a12946a7c",
            "default_route_table_id": "rtb-07f653bff8ac2afae",
            "default_security_group_id": "sg-04a56713046553288",
            "dhcp_options_id": "dopt-0772b700676ea6fcf",
            "enable_classiclink": false,
            "enable_classiclink_dns_support": false,
            "enable_dns_hostnames": true,
            "enable_dns_support": true,
            "id": "vpc-04c8faae5ee67b806",
            "instance_tenancy": "default",
            "ipv4_ipam_pool_id": null,
            "ipv4_netmask_length": null,
            "ipv6_association_id": "",
            "ipv6_cidr_block": "",
            "ipv6_cidr_block_network_border_group": "",
            "ipv6_ipam_pool_id": "",
            "ipv6_netmask_length": 0,
            "main_route_table_id": "rtb-07f653bff8ac2afae",
            "owner_id": "194729441513",
            "tags": {
              "Name": "proper noun-vpc"
            },
            "tags_all": {
              "Name": "proper noun-vpc"
            }
          },
          "sensitive_attributes": [],
          "private": "eyJzY2hlbWFfdmVyc2lvbiI6IjEifQ==",
          "create_before_destroy": true
        }
      ]
    },
    {
      "mode": "managed",
      "type": "local_file",
      "name": "create_downloads_key",
      "provider": "provider[\"registry.terraform.io/hashicorp/local\"]",
      "instances": [
        {
          "schema_version": 0,
          "attributes": {
            "content": "-----BEGIN RSA PRIVATE KEY-----\nMIIJKQIBAAKCAgEA22V7GqymnLPJRQc+AXvfYCtBqkVYOWpWD+31di85MY1g8d4y\n0Edj1oWEmqIfNJzxgcli5F3wu25MdqK2XktRTHerylwHZpqh4loMNoES4aaSfjOe\nrUyWjmgXOy7WztwSXvNaDr+X+qMrgzvd1H+yUlEyFbTzsjkX+JEmHL4UPTk3vsvy\nHSMyyiQOTWwd9QjH/dSh0xomXT5hPiflDBxRTgdTpjXk4rVzyKcGMbLlbVMvMgUG\nf95xcRHmqGJ+ryzYweoYc9ABvMgxYq/22tSwMz0UpfOUqC9zv2TO4g6/oWES84NO\n3Tt7CRfAS6ln+9OBfyUrgbBeoyTXvOJq5jjgCqcdstUltDHfJjl025rIFr+vB2Qf\nojmhtFWzZrVaJ4vfZKiVIfHAbVQA2Zqi9VUAuSyvYN9eoQMuZKJq3LuBWUfRJrBU\nZeWbvyTLJ2GAklPY6fCcIdc1LVtDzrfspcQL45D5kx2HQJ2d3MvPQPV1DATY0BWX\n7nvFFGMCorRrxRUmJB4ig5Hu2a6a3x+MsIkDyX3+DpAHNbKmbq9mnqXa4gx7H7o8\nPOjiUmQLHrlk72RC+xAxgodPnnxkxqlnokOQkS0+sUeiEEAH2SEE9oP20w5FNJ1+\ntklw2VP5jqvGj/Km6HgedeB3yPZSvUPqvhgTe48lqF3qprdWxL5o9ztdJmsCAwEA\nAQKCAgEAt2ivsA3zPv7hXC6AvHbUty2SOIi+B0mI5so0MHer5WveRnRNoGZ95QE7\naJXtZmtpTemQHX8W12mOzIKb2Fo4fadxWrryiOjuOi6zFQF0SmWZA52dohxrpGMK\nQLSYaNf7F5tyhu/OWn37yzrJ6HJUHZK5PwJF05D9JBQbe12/x6rEmmEeZxNcyzW3\nKyweIxETN3SBT9wFhF+4pWBuj2BA6+0eFc3qKUgtoelXOUbnmyw2QSeIVm8cAL1J\nSS0F4OWp0vojNPYH7cyh1HFr+WZiYoNGdrEZbjw1FCRu+vX/Zyai1CXKURH/egt7\n+wSE5DXdhPAK3eEWTGZpYAMcAJg9Wb0nj6V4sJeoLkX0iydCaxAIeCJzVrLbjc9N\nixfFdBJWBaeFPJW6icyjMILaD9vPEu3lSqcG0VT3kPUaUtEodbo7Jo/nvoZizvjG\ntr0qmz4yxon3xidShOTCeqm4LcBnPnc3fR2v0BpWzDmf0V+4kG6nP5+OgPb8OOqv\ni/eZOxVcDlEJkQrH3UKXM1Iqs98g6DngpOdmo2BhrBtITwejV9WeBUmKDNs+YEt9\nMv0BW8HSi327bDTeJme41iM+ScBX/ux4SECMSnKYNOfK1pALWLrKHWhqp+8J+EQ6\nJuFgpvfULVgfFALh9Bv6JtEYQq0h+ErAqpKVbcebE5Khj9Czr4kCggEBANwrVkZ0\nI8VKErg2qfF9AmBVi8SCTh2Vh4kttszrUkfZlb1fLFpv8RhFtn0WvHInlOuR0iw4\ngj04U97Oij3Dap7HhpXFM3nt4eVGU8oY/YJhQl6bmzJS6hJZ8O8l1d9kVDbEBNey\nRZyxeKpqXjuEYv1H63BvkmSnlrokUKQvD28sfJYsu6OHj+i2vwf3eJPpTXPmR56s\n5woLHqEAKx/yKTATEWYlrS6ppqWj41p9llqbGUJp7WuvwdMCF1BABlDOpmjwK83S\nkdP0Rwf7JyvEIbM+QNzDJvPObYXseGRimi1MrFNuhkwQFEP8DBhOo3o0/C2Ce59r\nG7knt7vEJSHXkxUCggEBAP8Z8cX7wFq/d3rkyFFJPK+XH6SWth4HD1yoVAhyhA5i\nj2yl64WNmKbJM3z4QUnDcW65XTSohvvJK80ylKrkcdidcNIu8qg6+L+hUC7sOL/Z\n+QxhucWMEMuuKq0ksn/iZgLpE7tgk520evflan8q+pIgFIzLPatLCkwXSoCeL+CQ\nl3KKjrj1TukpqMsPFedte6XeuHPk/NTLrn7GePshP+CK3OhylSRC3mVUv9gEVoXi\nyd+6RmojHq6YJ5bGiPqkM9XdlIzxRIiKA+BqnIQd2WURw4PDhAmY1gqIJl508YfT\nvwSWwlDmTT/Vl7ZwMjwrp6kuLzEBhlftXd346YImM38CggEAVqdv43behU3sJDjP\nlk4/Wy8QPZ2TpS0vFRy679hGoCTRPKFy0X1xhL4bXwxNyxgtErJn6COtju7Wg8EC\nw+Bf3HJnVBczdW/dEuIlJEvFq0UgXCAeayYbHnHr1BQuIyhXxN5NkZ+Gqm9nMJuA\nzygB1fIyhiRDl/4l4slcO+KRzo3R00Fz8J7wUwVqFnaeLIkMhOtDkP44SMmrmm54\nirBC6br3hB6cFNuMzXC9kOYRAUQ+IteSLGoWfTg7eMhaM//Bm1e7xdx0rNleA5Qk\nDKO7J9L+sGTWteqvTKCPmeL9D4s33/aGQPWrJD7Ve9Onn/eusTLD+TCszqkFNY+z\nlahFKQKCAQAik66sqjHpWvhj5Oyt7+JU3oQAeBkZOtW/NmWle3ggxwUvsdGZmZau\nTKk48CFRUTdnzaIviAQ7zomsV4XFIA+6T6TCKHDlkpCy0LeglI4gmvfh0MEwYIrK\nQMIyE75KDTLMhDETfcSkZJkiTqs/r2ClO8ntR4MFW7d6ltGXW1mb851DfjpYIY/f\nlLD3TQUoCDPxSJ3xv4DxiuYM8vPk/h29XrUQoK9Mae/hBjq2mefsX9ADDimLK1V2\nTtNW4XQhnO4Vt+HxtKYYZ7Scz3aFhdI4m87HZlHYRyoD5W5l8S3nvjCu+4w9EOo5\nk8briIuWkkg4azUkTFOcSWUmuB1Wcb0bAoIBAQCkpM/a3ccPK3eXVtyNk0Kakk+7\nksAnEP7ZEj5dZVltgvdWfkkVbAJo5Mwn9ntTD36R3KchBIp/0FL29ihcOZE/ghlh\nFts6jyxgThirRs+5oAVzmWDFDnuOLgZEzHs5WTbekx1K55RaLfOIIgpCIRJwx+0B\nTV39L0IjHnusSxmnMlA7tmIXjy0qr0JFBpWXyn9HG3YoCK755W0cymF5SGosSOgm\nl4rL050QXxCKAiH3G3Y0FxXm1+enMHnKiqsmuMo3BL/6WUX5+0w9SgANAN2BtH3j\nTisiB9dmypkRo7fAX8KfxHaea6O0haP0jGf7OrtdSnnpuzCP5DC0Mga+ZEsU\n-----END RSA PRIVATE KEY-----\n",
            "content_base64": null,
            "content_base64sha256": "mI3AVYH0MaharYOsVgBIIbNmtGfyKXXdBH+d2gXCANk=",
            "content_base64sha512": "MT1/wKq4JExj+nbIQd6dZomJI/MLeuy3cGfRDcVXXCflV8RKMQCg7HpG3Lv5m1hUZIyg1K1vndZdDv/8HUqcFg==",
            "content_md5": "492859ca40fd720458f8ae60ff763bb8",
            "content_sha1": "f28a54d61ee242dad6f09e98bb9e22a1fe410b56",
            "content_sha256": "988dc05581f431a85aad83ac56004821b366b467f22975dd047f9dda05c200d9",
            "content_sha512": "313d7fc0aab8244c63fa76c841de9d66898923f30b7aecb77067d10dc5575c27e557c44a3100a0ec7a46dcbbf99b5854648ca0d4ad6f9dd65d0efffc1d4a9c16",
            "directory_permission": "0777",
            "file_permission": "0777",
            "filename": "proper noun_key.pem",
            "id": "f28a54d61ee242dad6f09e98bb9e22a1fe410b56",
            "sensitive_content": null,
            "source": null
          },
          "sensitive_attributes": [
            [
              {
                "type": "get_attr",
                "value": "content"
              }
            ]
          ],
          "dependencies": [
            "tls_private_key.create_make_key"
          ]
        }
      ]
    },
    {
      "mode": "managed",
      "type": "tls_private_key",
      "name": "create_make_key",
      "provider": "provider[\"registry.terraform.io/hashicorp/tls\"]",
      "instances": [
        {
          "schema_version": 1,
          "attributes": {
            "algorithm": "RSA",
            "ecdsa_curve": "P224",
            "id": "28b4151a85399da8812a1d58666487d7d7ed4893",
            "private_key_openssh": "-----BEGIN OPENSSH PRIVATE KEY-----\nb3BlbnNzaC1rZXktdjEAAAAABG5vbmUAAAAEbm9uZQAAAAAAAAABAAACFwAAAAdz\nc2gtcnNhAAAAAwEAAQAAAgEA22V7GqymnLPJRQc+AXvfYCtBqkVYOWpWD+31di85\nMY1g8d4y0Edj1oWEmqIfNJzxgcli5F3wu25MdqK2XktRTHerylwHZpqh4loMNoES\n4aaSfjOerUyWjmgXOy7WztwSXvNaDr+X+qMrgzvd1H+yUlEyFbTzsjkX+JEmHL4U\nPTk3vsvyHSMyyiQOTWwd9QjH/dSh0xomXT5hPiflDBxRTgdTpjXk4rVzyKcGMbLl\nbVMvMgUGf95xcRHmqGJ+ryzYweoYc9ABvMgxYq/22tSwMz0UpfOUqC9zv2TO4g6/\noWES84NO3Tt7CRfAS6ln+9OBfyUrgbBeoyTXvOJq5jjgCqcdstUltDHfJjl025rI\nFr+vB2QfojmhtFWzZrVaJ4vfZKiVIfHAbVQA2Zqi9VUAuSyvYN9eoQMuZKJq3LuB\nWUfRJrBUZeWbvyTLJ2GAklPY6fCcIdc1LVtDzrfspcQL45D5kx2HQJ2d3MvPQPV1\nDATY0BWX7nvFFGMCorRrxRUmJB4ig5Hu2a6a3x+MsIkDyX3+DpAHNbKmbq9mnqXa\n4gx7H7o8POjiUmQLHrlk72RC+xAxgodPnnxkxqlnokOQkS0+sUeiEEAH2SEE9oP2\n0w5FNJ1+tklw2VP5jqvGj/Km6HgedeB3yPZSvUPqvhgTe48lqF3qprdWxL5o9ztd\nJmsAAAc4jC0bwIwtG8AAAAAHc3NoLXJzYQAAAgEA22V7GqymnLPJRQc+AXvfYCtB\nqkVYOWpWD+31di85MY1g8d4y0Edj1oWEmqIfNJzxgcli5F3wu25MdqK2XktRTHer\nylwHZpqh4loMNoES4aaSfjOerUyWjmgXOy7WztwSXvNaDr+X+qMrgzvd1H+yUlEy\nFbTzsjkX+JEmHL4UPTk3vsvyHSMyyiQOTWwd9QjH/dSh0xomXT5hPiflDBxRTgdT\npjXk4rVzyKcGMbLlbVMvMgUGf95xcRHmqGJ+ryzYweoYc9ABvMgxYq/22tSwMz0U\npfOUqC9zv2TO4g6/oWES84NO3Tt7CRfAS6ln+9OBfyUrgbBeoyTXvOJq5jjgCqcd\nstUltDHfJjl025rIFr+vB2QfojmhtFWzZrVaJ4vfZKiVIfHAbVQA2Zqi9VUAuSyv\nYN9eoQMuZKJq3LuBWUfRJrBUZeWbvyTLJ2GAklPY6fCcIdc1LVtDzrfspcQL45D5\nkx2HQJ2d3MvPQPV1DATY0BWX7nvFFGMCorRrxRUmJB4ig5Hu2a6a3x+MsIkDyX3+\nDpAHNbKmbq9mnqXa4gx7H7o8POjiUmQLHrlk72RC+xAxgodPnnxkxqlnokOQkS0+\nsUeiEEAH2SEE9oP20w5FNJ1+tklw2VP5jqvGj/Km6HgedeB3yPZSvUPqvhgTe48l\nqF3qprdWxL5o9ztdJmsAAAADAQABAAACAQC3aK+wDfM+/uFcLoC8dtS3LZI4iL4H\nSYjmyjQwd6vla95GdE2gZn3lATtole1ma2lN6ZAdfxbXaY7MgpvYWjh9p3FauvKI\n6O46LrMVAXRKZZkDnZ2iHGukYwpAtJho1/sXm3KG785affvLOsnoclQdkrk/AkXT\nkP0kFBt7Xb/HqsSaYR5nE1zLNbcrLB4jERM3dIFP3AWEX7ilYG6PYEDr7R4Vzeop\nSC2h6Vc5RuebLDZBJ4hWbxwAvUlJLQXg5anS+iM09gftzKHUcWv5ZmJig0Z2sRlu\nPDUUJG769f9nJqLUJcpREf96C3v7BITkNd2E8Ard4RZMZmlgAxwAmD1ZvSePpXiw\nl6guRfSLJ0JrEAh4InNWstuNz02LF8V0ElYFp4U8lbqJzKMwgtoP288S7eVKpwbR\nVPeQ9RpS0Sh1ujsmj+e+hmLO+Ma2vSqbPjLGiffGJ1KE5MJ6qbgtwGc+dzd9Ha/Q\nGlbMOZ/RX7iQbqc/n46A9vw46q+L95k7FVwOUQmRCsfdQpczUiqz3yDoOeCk52aj\nYGGsG0hPB6NX1Z4FSYoM2z5gS30y/QFbwdKLfbtsNN4mZ7jWIz5JwFf+7HhIQIxK\ncpg058rWkAtYusodaGqn7wn4RDom4WCm99QtWB8UAuH0G/om0RhCrSH4SsCqkpVt\nx5sTkqGP0LOviQAAAQEApKTP2t3HDyt3l1bcjZNCmpJPu5LAJxD+2RI+XWVZbYL3\nVn5JFWwCaOTMJ/Z7Uw9+kdynIQSKf9BS9vYoXDmRP4IZYRbbOo8sYE4Yq0bPuaAF\nc5lgxQ57ji4GRMx7OVk23pMdSueUWi3ziCIKQiEScMftAU1d/S9CIx57rEsZpzJQ\nO7ZiF48tKq9CRQaVl8p/Rxt2KAiu+eVtHMpheUhqLEjoJpeKy9OdEF8QigIh9xt2\nNBcV5tfnpzB5yoqrJrjKNwS/+llF+ftMPUoADQDdgbR9404rIgfXZsqZEaO3wF/C\nn8R2nmujtIWj9Ixn+zq7XUp56bswj+QwtDIGvmRLFAAAAQEA3CtWRnQjxUoSuDap\n8X0CYFWLxIJOHZWHiS22zOtSR9mVvV8sWm/xGEW2fRa8cieU65HSLDiCPThT3s6K\nPcNqnseGlcUzee3h5UZTyhj9gmFCXpubMlLqElnw7yXV32RUNsQE17JFnLF4qmpe\nO4Ri/UfrcG+SZKeWuiRQpC8Pbyx8liy7o4eP6La/B/d4k+lNc+ZHnqznCgseoQAr\nH/IpMBMRZiWtLqmmpaPjWn2WWpsZQmnta6/B0wIXUEAGUM6maPArzdKR0/RHB/sn\nK8Qhsz5A3MMm885thex4ZGKaLUysU26GTBAUQ/wMGE6jejT8LYJ7n2sbuSe3u8Ql\nIdeTFQAAAQEA/xnxxfvAWr93euTIUUk8r5cfpJa2HgcPXKhUCHKEDmKPbKXrhY2Y\npskzfPhBScNxbrldNKiG+8krzTKUquRx2J1w0i7yqDr4v6FQLuw4v9n5DGG5xYwQ\ny64qrSSyf+JmAukTu2CTnbR69+Vqfyr6kiAUjMs9q0sKTBdKgJ4v4JCXcoqOuPVO\n6Smoyw8V5217pd64c+T81MuufsZ4+yE/4Irc6HKVJELeZVS/2ARWheLJ37pGaiMe\nrpgnlsaI+qQz1d2UjPFEiIoD4GqchB3ZZRHDg8OECZjWCogmXnTxh9O/BJbCUOZN\nP9WXtnAyPCunqS4vMQGGV+1d3fjpgiYzfwAAAAAB\n-----END OPENSSH PRIVATE KEY-----\n",
            "private_key_pem": "-----BEGIN RSA PRIVATE KEY-----\nMIIJKQIBAAKCAgEA22V7GqymnLPJRQc+AXvfYCtBqkVYOWpWD+31di85MY1g8d4y\n0Edj1oWEmqIfNJzxgcli5F3wu25MdqK2XktRTHerylwHZpqh4loMNoES4aaSfjOe\nrUyWjmgXOy7WztwSXvNaDr+X+qMrgzvd1H+yUlEyFbTzsjkX+JEmHL4UPTk3vsvy\nHSMyyiQOTWwd9QjH/dSh0xomXT5hPiflDBxRTgdTpjXk4rVzyKcGMbLlbVMvMgUG\nf95xcRHmqGJ+ryzYweoYc9ABvMgxYq/22tSwMz0UpfOUqC9zv2TO4g6/oWES84NO\n3Tt7CRfAS6ln+9OBfyUrgbBeoyTXvOJq5jjgCqcdstUltDHfJjl025rIFr+vB2Qf\nojmhtFWzZrVaJ4vfZKiVIfHAbVQA2Zqi9VUAuSyvYN9eoQMuZKJq3LuBWUfRJrBU\nZeWbvyTLJ2GAklPY6fCcIdc1LVtDzrfspcQL45D5kx2HQJ2d3MvPQPV1DATY0BWX\n7nvFFGMCorRrxRUmJB4ig5Hu2a6a3x+MsIkDyX3+DpAHNbKmbq9mnqXa4gx7H7o8\nPOjiUmQLHrlk72RC+xAxgodPnnxkxqlnokOQkS0+sUeiEEAH2SEE9oP20w5FNJ1+\ntklw2VP5jqvGj/Km6HgedeB3yPZSvUPqvhgTe48lqF3qprdWxL5o9ztdJmsCAwEA\nAQKCAgEAt2ivsA3zPv7hXC6AvHbUty2SOIi+B0mI5so0MHer5WveRnRNoGZ95QE7\naJXtZmtpTemQHX8W12mOzIKb2Fo4fadxWrryiOjuOi6zFQF0SmWZA52dohxrpGMK\nQLSYaNf7F5tyhu/OWn37yzrJ6HJUHZK5PwJF05D9JBQbe12/x6rEmmEeZxNcyzW3\nKyweIxETN3SBT9wFhF+4pWBuj2BA6+0eFc3qKUgtoelXOUbnmyw2QSeIVm8cAL1J\nSS0F4OWp0vojNPYH7cyh1HFr+WZiYoNGdrEZbjw1FCRu+vX/Zyai1CXKURH/egt7\n+wSE5DXdhPAK3eEWTGZpYAMcAJg9Wb0nj6V4sJeoLkX0iydCaxAIeCJzVrLbjc9N\nixfFdBJWBaeFPJW6icyjMILaD9vPEu3lSqcG0VT3kPUaUtEodbo7Jo/nvoZizvjG\ntr0qmz4yxon3xidShOTCeqm4LcBnPnc3fR2v0BpWzDmf0V+4kG6nP5+OgPb8OOqv\ni/eZOxVcDlEJkQrH3UKXM1Iqs98g6DngpOdmo2BhrBtITwejV9WeBUmKDNs+YEt9\nMv0BW8HSi327bDTeJme41iM+ScBX/ux4SECMSnKYNOfK1pALWLrKHWhqp+8J+EQ6\nJuFgpvfULVgfFALh9Bv6JtEYQq0h+ErAqpKVbcebE5Khj9Czr4kCggEBANwrVkZ0\nI8VKErg2qfF9AmBVi8SCTh2Vh4kttszrUkfZlb1fLFpv8RhFtn0WvHInlOuR0iw4\ngj04U97Oij3Dap7HhpXFM3nt4eVGU8oY/YJhQl6bmzJS6hJZ8O8l1d9kVDbEBNey\nRZyxeKpqXjuEYv1H63BvkmSnlrokUKQvD28sfJYsu6OHj+i2vwf3eJPpTXPmR56s\n5woLHqEAKx/yKTATEWYlrS6ppqWj41p9llqbGUJp7WuvwdMCF1BABlDOpmjwK83S\nkdP0Rwf7JyvEIbM+QNzDJvPObYXseGRimi1MrFNuhkwQFEP8DBhOo3o0/C2Ce59r\nG7knt7vEJSHXkxUCggEBAP8Z8cX7wFq/d3rkyFFJPK+XH6SWth4HD1yoVAhyhA5i\nj2yl64WNmKbJM3z4QUnDcW65XTSohvvJK80ylKrkcdidcNIu8qg6+L+hUC7sOL/Z\n+QxhucWMEMuuKq0ksn/iZgLpE7tgk520evflan8q+pIgFIzLPatLCkwXSoCeL+CQ\nl3KKjrj1TukpqMsPFedte6XeuHPk/NTLrn7GePshP+CK3OhylSRC3mVUv9gEVoXi\nyd+6RmojHq6YJ5bGiPqkM9XdlIzxRIiKA+BqnIQd2WURw4PDhAmY1gqIJl508YfT\nvwSWwlDmTT/Vl7ZwMjwrp6kuLzEBhlftXd346YImM38CggEAVqdv43behU3sJDjP\nlk4/Wy8QPZ2TpS0vFRy679hGoCTRPKFy0X1xhL4bXwxNyxgtErJn6COtju7Wg8EC\nw+Bf3HJnVBczdW/dEuIlJEvFq0UgXCAeayYbHnHr1BQuIyhXxN5NkZ+Gqm9nMJuA\nzygB1fIyhiRDl/4l4slcO+KRzo3R00Fz8J7wUwVqFnaeLIkMhOtDkP44SMmrmm54\nirBC6br3hB6cFNuMzXC9kOYRAUQ+IteSLGoWfTg7eMhaM//Bm1e7xdx0rNleA5Qk\nDKO7J9L+sGTWteqvTKCPmeL9D4s33/aGQPWrJD7Ve9Onn/eusTLD+TCszqkFNY+z\nlahFKQKCAQAik66sqjHpWvhj5Oyt7+JU3oQAeBkZOtW/NmWle3ggxwUvsdGZmZau\nTKk48CFRUTdnzaIviAQ7zomsV4XFIA+6T6TCKHDlkpCy0LeglI4gmvfh0MEwYIrK\nQMIyE75KDTLMhDETfcSkZJkiTqs/r2ClO8ntR4MFW7d6ltGXW1mb851DfjpYIY/f\nlLD3TQUoCDPxSJ3xv4DxiuYM8vPk/h29XrUQoK9Mae/hBjq2mefsX9ADDimLK1V2\nTtNW4XQhnO4Vt+HxtKYYZ7Scz3aFhdI4m87HZlHYRyoD5W5l8S3nvjCu+4w9EOo5\nk8briIuWkkg4azUkTFOcSWUmuB1Wcb0bAoIBAQCkpM/a3ccPK3eXVtyNk0Kakk+7\nksAnEP7ZEj5dZVltgvdWfkkVbAJo5Mwn9ntTD36R3KchBIp/0FL29ihcOZE/ghlh\nFts6jyxgThirRs+5oAVzmWDFDnuOLgZEzHs5WTbekx1K55RaLfOIIgpCIRJwx+0B\nTV39L0IjHnusSxmnMlA7tmIXjy0qr0JFBpWXyn9HG3YoCK755W0cymF5SGosSOgm\nl4rL050QXxCKAiH3G3Y0FxXm1+enMHnKiqsmuMo3BL/6WUX5+0w9SgANAN2BtH3j\nTisiB9dmypkRo7fAX8KfxHaea6O0haP0jGf7OrtdSnnpuzCP5DC0Mga+ZEsU\n-----END RSA PRIVATE KEY-----\n",
            "private_key_pem_pkcs8": "-----BEGIN PRIVATE KEY-----\nMIIJQwIBADANBgkqhkiG9w0BAQEFAASCCS0wggkpAgEAAoICAQDbZXsarKacs8lF\nBz4Be99gK0GqRVg5alYP7fV2LzkxjWDx3jLQR2PWhYSaoh80nPGByWLkXfC7bkx2\norZeS1FMd6vKXAdmmqHiWgw2gRLhppJ+M56tTJaOaBc7LtbO3BJe81oOv5f6oyuD\nO93Uf7JSUTIVtPOyORf4kSYcvhQ9OTe+y/IdIzLKJA5NbB31CMf91KHTGiZdPmE+\nJ+UMHFFOB1OmNeTitXPIpwYxsuVtUy8yBQZ/3nFxEeaoYn6vLNjB6hhz0AG8yDFi\nr/ba1LAzPRSl85SoL3O/ZM7iDr+hYRLzg07dO3sJF8BLqWf704F/JSuBsF6jJNe8\n4mrmOOAKpx2y1SW0Md8mOXTbmsgWv68HZB+iOaG0VbNmtVoni99kqJUh8cBtVADZ\nmqL1VQC5LK9g316hAy5komrcu4FZR9EmsFRl5Zu/JMsnYYCSU9jp8Jwh1zUtW0PO\nt+ylxAvjkPmTHYdAnZ3cy89A9XUMBNjQFZfue8UUYwKitGvFFSYkHiKDke7Zrprf\nH4ywiQPJff4OkAc1sqZur2aepdriDHsfujw86OJSZAseuWTvZEL7EDGCh0+efGTG\nqWeiQ5CRLT6xR6IQQAfZIQT2g/bTDkU0nX62SXDZU/mOq8aP8qboeB514HfI9lK9\nQ+q+GBN7jyWoXeqmt1bEvmj3O10mawIDAQABAoICAQC3aK+wDfM+/uFcLoC8dtS3\nLZI4iL4HSYjmyjQwd6vla95GdE2gZn3lATtole1ma2lN6ZAdfxbXaY7MgpvYWjh9\np3FauvKI6O46LrMVAXRKZZkDnZ2iHGukYwpAtJho1/sXm3KG785affvLOsnoclQd\nkrk/AkXTkP0kFBt7Xb/HqsSaYR5nE1zLNbcrLB4jERM3dIFP3AWEX7ilYG6PYEDr\n7R4VzeopSC2h6Vc5RuebLDZBJ4hWbxwAvUlJLQXg5anS+iM09gftzKHUcWv5ZmJi\ng0Z2sRluPDUUJG769f9nJqLUJcpREf96C3v7BITkNd2E8Ard4RZMZmlgAxwAmD1Z\nvSePpXiwl6guRfSLJ0JrEAh4InNWstuNz02LF8V0ElYFp4U8lbqJzKMwgtoP288S\n7eVKpwbRVPeQ9RpS0Sh1ujsmj+e+hmLO+Ma2vSqbPjLGiffGJ1KE5MJ6qbgtwGc+\ndzd9Ha/QGlbMOZ/RX7iQbqc/n46A9vw46q+L95k7FVwOUQmRCsfdQpczUiqz3yDo\nOeCk52ajYGGsG0hPB6NX1Z4FSYoM2z5gS30y/QFbwdKLfbtsNN4mZ7jWIz5JwFf+\n7HhIQIxKcpg058rWkAtYusodaGqn7wn4RDom4WCm99QtWB8UAuH0G/om0RhCrSH4\nSsCqkpVtx5sTkqGP0LOviQKCAQEA3CtWRnQjxUoSuDap8X0CYFWLxIJOHZWHiS22\nzOtSR9mVvV8sWm/xGEW2fRa8cieU65HSLDiCPThT3s6KPcNqnseGlcUzee3h5UZT\nyhj9gmFCXpubMlLqElnw7yXV32RUNsQE17JFnLF4qmpeO4Ri/UfrcG+SZKeWuiRQ\npC8Pbyx8liy7o4eP6La/B/d4k+lNc+ZHnqznCgseoQArH/IpMBMRZiWtLqmmpaPj\nWn2WWpsZQmnta6/B0wIXUEAGUM6maPArzdKR0/RHB/snK8Qhsz5A3MMm885thex4\nZGKaLUysU26GTBAUQ/wMGE6jejT8LYJ7n2sbuSe3u8QlIdeTFQKCAQEA/xnxxfvA\nWr93euTIUUk8r5cfpJa2HgcPXKhUCHKEDmKPbKXrhY2YpskzfPhBScNxbrldNKiG\n+8krzTKUquRx2J1w0i7yqDr4v6FQLuw4v9n5DGG5xYwQy64qrSSyf+JmAukTu2CT\nnbR69+Vqfyr6kiAUjMs9q0sKTBdKgJ4v4JCXcoqOuPVO6Smoyw8V5217pd64c+T8\n1MuufsZ4+yE/4Irc6HKVJELeZVS/2ARWheLJ37pGaiMerpgnlsaI+qQz1d2UjPFE\niIoD4GqchB3ZZRHDg8OECZjWCogmXnTxh9O/BJbCUOZNP9WXtnAyPCunqS4vMQGG\nV+1d3fjpgiYzfwKCAQBWp2/jdt6FTewkOM+WTj9bLxA9nZOlLS8VHLrv2EagJNE8\noXLRfXGEvhtfDE3LGC0SsmfoI62O7taDwQLD4F/ccmdUFzN1b90S4iUkS8WrRSBc\nIB5rJhsecevUFC4jKFfE3k2Rn4aqb2cwm4DPKAHV8jKGJEOX/iXiyVw74pHOjdHT\nQXPwnvBTBWoWdp4siQyE60OQ/jhIyauabniKsELpuveEHpwU24zNcL2Q5hEBRD4i\n15IsahZ9ODt4yFoz/8GbV7vF3HSs2V4DlCQMo7sn0v6wZNa16q9MoI+Z4v0Pizff\n9oZA9askPtV706ef966xMsP5MKzOqQU1j7OVqEUpAoIBACKTrqyqMela+GPk7K3v\n4lTehAB4GRk61b82ZaV7eCDHBS+x0ZmZlq5MqTjwIVFRN2fNoi+IBDvOiaxXhcUg\nD7pPpMIocOWSkLLQt6CUjiCa9+HQwTBgispAwjITvkoNMsyEMRN9xKRkmSJOqz+v\nYKU7ye1HgwVbt3qW0ZdbWZvznUN+Olghj9+UsPdNBSgIM/FInfG/gPGK5gzy8+T+\nHb1etRCgr0xp7+EGOraZ5+xf0AMOKYsrVXZO01bhdCGc7hW34fG0phhntJzPdoWF\n0jibzsdmUdhHKgPlbmXxLee+MK77jD0Q6jmTxuuIi5aSSDhrNSRMU5xJZSa4HVZx\nvRsCggEBAKSkz9rdxw8rd5dW3I2TQpqST7uSwCcQ/tkSPl1lWW2C91Z+SRVsAmjk\nzCf2e1MPfpHcpyEEin/QUvb2KFw5kT+CGWEW2zqPLGBOGKtGz7mgBXOZYMUOe44u\nBkTMezlZNt6THUrnlFot84giCkIhEnDH7QFNXf0vQiMee6xLGacyUDu2YhePLSqv\nQkUGlZfKf0cbdigIrvnlbRzKYXlIaixI6CaXisvTnRBfEIoCIfcbdjQXFebX56cw\necqKqya4yjcEv/pZRfn7TD1KAA0A3YG0feNOKyIH12bKmRGjt8Bfwp/Edp5ro7SF\no/SMZ/s6u11Keem7MI/kMLQyBr5kSxQ=\n-----END PRIVATE KEY-----\n",
            "public_key_fingerprint_md5": "f5:17:e3:f9:da:5a:fc:7a:fe:aa:41:ec:28:a1:f6:37",
            "public_key_fingerprint_sha256": "SHA256:SWFdupcOd4l7RlWUfefy6covX9HMt1v8I/skP3tYp10",
            "public_key_openssh": "ssh-rsa AAAAB3NzaC1yc2EAAAADAQABAAACAQDbZXsarKacs8lFBz4Be99gK0GqRVg5alYP7fV2LzkxjWDx3jLQR2PWhYSaoh80nPGByWLkXfC7bkx2orZeS1FMd6vKXAdmmqHiWgw2gRLhppJ+M56tTJaOaBc7LtbO3BJe81oOv5f6oyuDO93Uf7JSUTIVtPOyORf4kSYcvhQ9OTe+y/IdIzLKJA5NbB31CMf91KHTGiZdPmE+J+UMHFFOB1OmNeTitXPIpwYxsuVtUy8yBQZ/3nFxEeaoYn6vLNjB6hhz0AG8yDFir/ba1LAzPRSl85SoL3O/ZM7iDr+hYRLzg07dO3sJF8BLqWf704F/JSuBsF6jJNe84mrmOOAKpx2y1SW0Md8mOXTbmsgWv68HZB+iOaG0VbNmtVoni99kqJUh8cBtVADZmqL1VQC5LK9g316hAy5komrcu4FZR9EmsFRl5Zu/JMsnYYCSU9jp8Jwh1zUtW0POt+ylxAvjkPmTHYdAnZ3cy89A9XUMBNjQFZfue8UUYwKitGvFFSYkHiKDke7ZrprfH4ywiQPJff4OkAc1sqZur2aepdriDHsfujw86OJSZAseuWTvZEL7EDGCh0+efGTGqWeiQ5CRLT6xR6IQQAfZIQT2g/bTDkU0nX62SXDZU/mOq8aP8qboeB514HfI9lK9Q+q+GBN7jyWoXeqmt1bEvmj3O10maw==\n",
            "public_key_pem": "-----BEGIN PUBLIC KEY-----\nMIICIjANBgkqhkiG9w0BAQEFAAOCAg8AMIICCgKCAgEA22V7GqymnLPJRQc+AXvf\nYCtBqkVYOWpWD+31di85MY1g8d4y0Edj1oWEmqIfNJzxgcli5F3wu25MdqK2XktR\nTHerylwHZpqh4loMNoES4aaSfjOerUyWjmgXOy7WztwSXvNaDr+X+qMrgzvd1H+y\nUlEyFbTzsjkX+JEmHL4UPTk3vsvyHSMyyiQOTWwd9QjH/dSh0xomXT5hPiflDBxR\nTgdTpjXk4rVzyKcGMbLlbVMvMgUGf95xcRHmqGJ+ryzYweoYc9ABvMgxYq/22tSw\nMz0UpfOUqC9zv2TO4g6/oWES84NO3Tt7CRfAS6ln+9OBfyUrgbBeoyTXvOJq5jjg\nCqcdstUltDHfJjl025rIFr+vB2QfojmhtFWzZrVaJ4vfZKiVIfHAbVQA2Zqi9VUA\nuSyvYN9eoQMuZKJq3LuBWUfRJrBUZeWbvyTLJ2GAklPY6fCcIdc1LVtDzrfspcQL\n45D5kx2HQJ2d3MvPQPV1DATY0BWX7nvFFGMCorRrxRUmJB4ig5Hu2a6a3x+MsIkD\nyX3+DpAHNbKmbq9mnqXa4gx7H7o8POjiUmQLHrlk72RC+xAxgodPnnxkxqlnokOQ\nkS0+sUeiEEAH2SEE9oP20w5FNJ1+tklw2VP5jqvGj/Km6HgedeB3yPZSvUPqvhgT\ne48lqF3qprdWxL5o9ztdJmsCAwEAAQ==\n-----END PUBLIC KEY-----\n",
            "rsa_bits": 4096
          },
          "sensitive_attributes": []
        }
      ]
    }
  ],
  "check_results": null
}
